// !$*UTF8*$!
{
	archiveVersion = 1;
	classes = {
	};
	objectVersion = 46;
	objects = {

/* Begin PBXBuildFile section */
		890D5D811F0A206C00BCFE59 /* IssueDetailsViewModel.swift in Sources */ = {isa = PBXBuildFile; fileRef = 890D5D801F0A206C00BCFE59 /* IssueDetailsViewModel.swift */; };
		890D5D871F0CCD9500BCFE59 /* BoardCollectionCell.swift in Sources */ = {isa = PBXBuildFile; fileRef = 890D5D861F0CCD9500BCFE59 /* BoardCollectionCell.swift */; };
		890D5D891F0CCDD800BCFE59 /* BoardIssueCell.swift in Sources */ = {isa = PBXBuildFile; fileRef = 890D5D881F0CCDD800BCFE59 /* BoardIssueCell.swift */; };
		891835A71EE1EF48004209A7 /* ImageViewCache.swift in Sources */ = {isa = PBXBuildFile; fileRef = 891835A21EE1EF48004209A7 /* ImageViewCache.swift */; };
		891835A91EE1EF48004209A7 /* ToastView.swift in Sources */ = {isa = PBXBuildFile; fileRef = 891835A51EE1EF48004209A7 /* ToastView.swift */; };
		891835AA1EE1EF48004209A7 /* ToastView.xib in Resources */ = {isa = PBXBuildFile; fileRef = 891835A61EE1EF48004209A7 /* ToastView.xib */; };
		891835AC1EE1EFB8004209A7 /* ViewController.swift in Sources */ = {isa = PBXBuildFile; fileRef = 891835AB1EE1EFB8004209A7 /* ViewController.swift */; };
		891835B01EE67FDD004209A7 /* AKActivityView.m in Sources */ = {isa = PBXBuildFile; fileRef = 891835AF1EE67FDD004209A7 /* AKActivityView.m */; };
		891835D81EE97757004209A7 /* Utils.swift in Sources */ = {isa = PBXBuildFile; fileRef = 891835D71EE97757004209A7 /* Utils.swift */; };
		891835DC1EEAA1BC004209A7 /* LoadingCell.swift in Sources */ = {isa = PBXBuildFile; fileRef = 891835DB1EEAA1BC004209A7 /* LoadingCell.swift */; };
		891835E71EEEDB80004209A7 /* JRDigitField.swift in Sources */ = {isa = PBXBuildFile; fileRef = 891835E61EEEDB80004209A7 /* JRDigitField.swift */; };
		891835E91EEFCE3F004209A7 /* JRDateField.swift in Sources */ = {isa = PBXBuildFile; fileRef = 891835E81EEFCE3F004209A7 /* JRDateField.swift */; };
		891900001EFD052400671DE2 /* TempoUsersVC.swift in Sources */ = {isa = PBXBuildFile; fileRef = 8919FFFF1EFD052400671DE2 /* TempoUsersVC.swift */; };
		891900061EFD4F3900671DE2 /* AddCommentViewModel.swift in Sources */ = {isa = PBXBuildFile; fileRef = 891900051EFD4F3900671DE2 /* AddCommentViewModel.swift */; };
		891900081F00DF0700671DE2 /* Tempo.storyboard in Resources */ = {isa = PBXBuildFile; fileRef = 891900071F00DF0700671DE2 /* Tempo.storyboard */; };
		8919000A1F00E28C00671DE2 /* WorklogsVC.swift in Sources */ = {isa = PBXBuildFile; fileRef = 891900091F00E28B00671DE2 /* WorklogsVC.swift */; };
		8919000D1F00E61300671DE2 /* WorklogsViewModel.swift in Sources */ = {isa = PBXBuildFile; fileRef = 8919000C1F00E61300671DE2 /* WorklogsViewModel.swift */; };
		8919000F1F00E9B400671DE2 /* Worklog.swift in Sources */ = {isa = PBXBuildFile; fileRef = 8919000E1F00E9B400671DE2 /* Worklog.swift */; };
		8919FFFD1EFD040A00671DE2 /* TempoUser.swift in Sources */ = {isa = PBXBuildFile; fileRef = 8919FFFC1EFD040A00671DE2 /* TempoUser.swift */; };
		891A965E1E531FAD00B85B39 /* AppDelegate.swift in Sources */ = {isa = PBXBuildFile; fileRef = 891A965D1E531FAD00B85B39 /* AppDelegate.swift */; };
		891A96631E531FAD00B85B39 /* Main.storyboard in Resources */ = {isa = PBXBuildFile; fileRef = 891A96611E531FAD00B85B39 /* Main.storyboard */; };
		891A96651E531FAD00B85B39 /* Assets.xcassets in Resources */ = {isa = PBXBuildFile; fileRef = 891A96641E531FAD00B85B39 /* Assets.xcassets */; };
		891A96781E534DD900B85B39 /* Request.swift in Sources */ = {isa = PBXBuildFile; fileRef = 891A96761E534DD900B85B39 /* Request.swift */; };
		8922F8641F1364CD00B37A4C /* CreateIssueVC.swift in Sources */ = {isa = PBXBuildFile; fileRef = 8922F8631F1364CD00B37A4C /* CreateIssueVC.swift */; };
		8922F8661F13662D00B37A4C /* CreateIssueViewModel.swift in Sources */ = {isa = PBXBuildFile; fileRef = 8922F8651F13662D00B37A4C /* CreateIssueViewModel.swift */; };
		8922F8681F13811300B37A4C /* TempoTeamsViewModel.swift in Sources */ = {isa = PBXBuildFile; fileRef = 8922F8671F13811300B37A4C /* TempoTeamsViewModel.swift */; };
		8922F86A1F13848A00B37A4C /* TempoUsersViewModel.swift in Sources */ = {isa = PBXBuildFile; fileRef = 8922F8691F13848A00B37A4C /* TempoUsersViewModel.swift */; };
		8922F86C1F139DC200B37A4C /* BoardsViewModel.swift in Sources */ = {isa = PBXBuildFile; fileRef = 8922F86B1F139DC200B37A4C /* BoardsViewModel.swift */; };
		8922F86E1F13A96B00B37A4C /* OrderByViewModel.swift in Sources */ = {isa = PBXBuildFile; fileRef = 8922F86D1F13A96B00B37A4C /* OrderByViewModel.swift */; };
		8922F8701F13BB5500B37A4C /* LogWorkViewModel.swift in Sources */ = {isa = PBXBuildFile; fileRef = 8922F86F1F13BB5500B37A4C /* LogWorkViewModel.swift */; };
		8922F8721F14AE7200B37A4C /* IssuesListViewModel.swift in Sources */ = {isa = PBXBuildFile; fileRef = 8922F8711F14AE7200B37A4C /* IssuesListViewModel.swift */; };
		8922F8741F14B18100B37A4C /* ProjectCell.swift in Sources */ = {isa = PBXBuildFile; fileRef = 8922F8731F14B18100B37A4C /* ProjectCell.swift */; };
		8922F8761F14B7C100B37A4C /* IssueCell.swift in Sources */ = {isa = PBXBuildFile; fileRef = 8922F8751F14B7C100B37A4C /* IssueCell.swift */; };
		8922F8781F14C01700B37A4C /* CommentCell.swift in Sources */ = {isa = PBXBuildFile; fileRef = 8922F8771F14C01700B37A4C /* CommentCell.swift */; };
		8922F87A1F14C40800B37A4C /* AttachmentCell.swift in Sources */ = {isa = PBXBuildFile; fileRef = 8922F8791F14C40800B37A4C /* AttachmentCell.swift */; };
		8922F87E1F14CA4C00B37A4C /* User.swift in Sources */ = {isa = PBXBuildFile; fileRef = 89F79C7E1EF7EAD400F0AAC8 /* User.swift */; };
		8922F87F1F14CA4C00B37A4C /* Issue.swift in Sources */ = {isa = PBXBuildFile; fileRef = 89F79C7C1EF7EA9C00F0AAC8 /* Issue.swift */; };
		8922F8801F14CA4C00B37A4C /* ProjectsVC.swift in Sources */ = {isa = PBXBuildFile; fileRef = 89F79C6A1EF418A200F0AAC8 /* ProjectsVC.swift */; };
		8922F8811F14CA4C00B37A4C /* Worklog.swift in Sources */ = {isa = PBXBuildFile; fileRef = 8919000E1F00E9B400671DE2 /* Worklog.swift */; };
		8922F8821F14CA4C00B37A4C /* CreateIssueVC.swift in Sources */ = {isa = PBXBuildFile; fileRef = 8922F8631F1364CD00B37A4C /* CreateIssueVC.swift */; };
		8922F8831F14CA4C00B37A4C /* IssueCell.swift in Sources */ = {isa = PBXBuildFile; fileRef = 8922F8751F14B7C100B37A4C /* IssueCell.swift */; };
		8922F8841F14CA4C00B37A4C /* SVGImageView.swift in Sources */ = {isa = PBXBuildFile; fileRef = 89F79C8C1EF8209500F0AAC8 /* SVGImageView.swift */; };
		8922F8851F14CA4C00B37A4C /* LoginViewModel.swift in Sources */ = {isa = PBXBuildFile; fileRef = 89F79C8F1EF8484B00F0AAC8 /* LoginViewModel.swift */; };
		8922F8861F14CA4C00B37A4C /* CommentsViewModel.swift in Sources */ = {isa = PBXBuildFile; fileRef = 89F79CC81EFC345800F0AAC8 /* CommentsViewModel.swift */; };
		8922F8871F14CA4C00B37A4C /* Comment.swift in Sources */ = {isa = PBXBuildFile; fileRef = 89F79C821EF7EB2900F0AAC8 /* Comment.swift */; };
		8922F8881F14CA4C00B37A4C /* JRDigitField.swift in Sources */ = {isa = PBXBuildFile; fileRef = 891835E61EEEDB80004209A7 /* JRDigitField.swift */; };
		8922F8891F14CA4C00B37A4C /* IssueDetailsViewModel.swift in Sources */ = {isa = PBXBuildFile; fileRef = 890D5D801F0A206C00BCFE59 /* IssueDetailsViewModel.swift */; };
		8922F88A1F14CA4C00B37A4C /* KeychainItemWrapper.m in Sources */ = {isa = PBXBuildFile; fileRef = 89F79CB81EFA601700F0AAC8 /* KeychainItemWrapper.m */; settings = {COMPILER_FLAGS = "-fno-objc-arc"; }; };
		8922F88B1F14CA4C00B37A4C /* ViewController.swift in Sources */ = {isa = PBXBuildFile; fileRef = 891835AB1EE1EFB8004209A7 /* ViewController.swift */; };
		8922F88C1F14CA4C00B37A4C /* WorklogsVC.swift in Sources */ = {isa = PBXBuildFile; fileRef = 891900091F00E28B00671DE2 /* WorklogsVC.swift */; };
		8922F88D1F14CA4C00B37A4C /* Field.swift in Sources */ = {isa = PBXBuildFile; fileRef = 89F79CC21EFBC5AC00F0AAC8 /* Field.swift */; };
		8922F88E1F14CA4C00B37A4C /* Request.swift in Sources */ = {isa = PBXBuildFile; fileRef = 891A96761E534DD900B85B39 /* Request.swift */; };
		8922F88F1F14CA4C00B37A4C /* BoardCollectionCell.swift in Sources */ = {isa = PBXBuildFile; fileRef = 890D5D861F0CCD9500BCFE59 /* BoardCollectionCell.swift */; };
		8922F8901F14CA4C00B37A4C /* BoardIssueCell.swift in Sources */ = {isa = PBXBuildFile; fileRef = 890D5D881F0CCDD800BCFE59 /* BoardIssueCell.swift */; };
		8922F8911F14CA4C00B37A4C /* IssuesListVC.swift in Sources */ = {isa = PBXBuildFile; fileRef = 89F79C651EF418A200F0AAC8 /* IssuesListVC.swift */; };
		8922F8921F14CA4C00B37A4C /* AKActivityView.m in Sources */ = {isa = PBXBuildFile; fileRef = 891835AF1EE67FDD004209A7 /* AKActivityView.m */; };
		8922F8931F14CA4C00B37A4C /* TempoTeam.swift in Sources */ = {isa = PBXBuildFile; fileRef = 89F79CC61EFBF91900F0AAC8 /* TempoTeam.swift */; };
		8922F8941F14CA4C00B37A4C /* WorklogEditVC.swift in Sources */ = {isa = PBXBuildFile; fileRef = 8960017E1F04D96000F6255A /* WorklogEditVC.swift */; };
		8922F8951F14CA4C00B37A4C /* OrderByViewModel.swift in Sources */ = {isa = PBXBuildFile; fileRef = 8922F86D1F13A96B00B37A4C /* OrderByViewModel.swift */; };
		8922F8961F14CA4C00B37A4C /* JRDateField.swift in Sources */ = {isa = PBXBuildFile; fileRef = 891835E81EEFCE3F004209A7 /* JRDateField.swift */; };
		8922F8971F14CA4C00B37A4C /* Utils.swift in Sources */ = {isa = PBXBuildFile; fileRef = 891835D71EE97757004209A7 /* Utils.swift */; };
		8922F8981F14CA4C00B37A4C /* SettingsViewModel.swift in Sources */ = {isa = PBXBuildFile; fileRef = 89F79CBC1EFBA6E700F0AAC8 /* SettingsViewModel.swift */; };
		8922F8991F14CA4C00B37A4C /* IssueDetailsVC.swift in Sources */ = {isa = PBXBuildFile; fileRef = 89F79C641EF418A200F0AAC8 /* IssueDetailsVC.swift */; };
		8922F89A1F14CA4C00B37A4C /* AttachmentsVC.swift in Sources */ = {isa = PBXBuildFile; fileRef = 89F79C621EF418A200F0AAC8 /* AttachmentsVC.swift */; };
		8922F89B1F14CA4C00B37A4C /* TempoTeamsVC.swift in Sources */ = {isa = PBXBuildFile; fileRef = 89F79CC41EFBF65300F0AAC8 /* TempoTeamsVC.swift */; };
		8922F89C1F14CA4C00B37A4C /* TempoUser.swift in Sources */ = {isa = PBXBuildFile; fileRef = 8919FFFC1EFD040A00671DE2 /* TempoUser.swift */; };
		8922F89D1F14CA4C00B37A4C /* ToastView.swift in Sources */ = {isa = PBXBuildFile; fileRef = 891835A51EE1EF48004209A7 /* ToastView.swift */; };
		8922F89E1F14CA4C00B37A4C /* TimeTracking.swift in Sources */ = {isa = PBXBuildFile; fileRef = 89F79C861EF7EBCB00F0AAC8 /* TimeTracking.swift */; };
		8922F89F1F14CA4C00B37A4C /* TempoUsersVC.swift in Sources */ = {isa = PBXBuildFile; fileRef = 8919FFFF1EFD052400671DE2 /* TempoUsersVC.swift */; };
		8922F8A01F14CA4C00B37A4C /* LoadingCell.swift in Sources */ = {isa = PBXBuildFile; fileRef = 891835DB1EEAA1BC004209A7 /* LoadingCell.swift */; };
		8922F8A11F14CA4C00B37A4C /* TempoUsersViewModel.swift in Sources */ = {isa = PBXBuildFile; fileRef = 8922F8691F13848A00B37A4C /* TempoUsersViewModel.swift */; };
		8922F8A21F14CA4C00B37A4C /* AttachmentsViewModel.swift in Sources */ = {isa = PBXBuildFile; fileRef = 8960017C1F02A73500F6255A /* AttachmentsViewModel.swift */; };
		8922F8A31F14CA4C00B37A4C /* LoginVC.swift in Sources */ = {isa = PBXBuildFile; fileRef = 89F79C681EF418A200F0AAC8 /* LoginVC.swift */; };
		8922F8A41F14CA4C00B37A4C /* ImageViewCache.swift in Sources */ = {isa = PBXBuildFile; fileRef = 891835A21EE1EF48004209A7 /* ImageViewCache.swift */; };
		8922F8A51F14CA4C00B37A4C /* LogWorkVC.swift in Sources */ = {isa = PBXBuildFile; fileRef = 89F79C691EF418A200F0AAC8 /* LogWorkVC.swift */; };
		8922F8A61F14CA4C00B37A4C /* Presenter.swift in Sources */ = {isa = PBXBuildFile; fileRef = 89F79C8A1EF8165D00F0AAC8 /* Presenter.swift */; };
		8922F8A71F14CA4C00B37A4C /* CommentCell.swift in Sources */ = {isa = PBXBuildFile; fileRef = 8922F8771F14C01700B37A4C /* CommentCell.swift */; };
		8922F8A81F14CA4C00B37A4C /* TempoTeamsViewModel.swift in Sources */ = {isa = PBXBuildFile; fileRef = 8922F8671F13811300B37A4C /* TempoTeamsViewModel.swift */; };
		8922F8A91F14CA4C00B37A4C /* LogWorkViewModel.swift in Sources */ = {isa = PBXBuildFile; fileRef = 8922F86F1F13BB5500B37A4C /* LogWorkViewModel.swift */; };
		8922F8AA1F14CA4C00B37A4C /* OrderByVC.swift in Sources */ = {isa = PBXBuildFile; fileRef = 89F79CC01EFBC34500F0AAC8 /* OrderByVC.swift */; };
		8922F8AC1F14CA4C00B37A4C /* CreateIssueViewModel.swift in Sources */ = {isa = PBXBuildFile; fileRef = 8922F8651F13662D00B37A4C /* CreateIssueViewModel.swift */; };
		8922F8AD1F14CA4C00B37A4C /* BoardsVC.swift in Sources */ = {isa = PBXBuildFile; fileRef = 89F79C931EF91DA000F0AAC8 /* BoardsVC.swift */; };
		8922F8AE1F14CA4C00B37A4C /* AppDelegate.swift in Sources */ = {isa = PBXBuildFile; fileRef = 891A965D1E531FAD00B85B39 /* AppDelegate.swift */; };
		8922F8AF1F14CA4C00B37A4C /* ProjectsViewModel.swift in Sources */ = {isa = PBXBuildFile; fileRef = 89F79CBE1EFBAFFF00F0AAC8 /* ProjectsViewModel.swift */; };
		8922F8B01F14CA4C00B37A4C /* IssuesListViewModel.swift in Sources */ = {isa = PBXBuildFile; fileRef = 8922F8711F14AE7200B37A4C /* IssuesListViewModel.swift */; };
		8922F8B11F14CA4C00B37A4C /* AddCommentViewModel.swift in Sources */ = {isa = PBXBuildFile; fileRef = 891900051EFD4F3900671DE2 /* AddCommentViewModel.swift */; };
		8922F8B21F14CA4C00B37A4C /* SettingsVC.swift in Sources */ = {isa = PBXBuildFile; fileRef = 89F79C6B1EF418A200F0AAC8 /* SettingsVC.swift */; };
		8922F8B31F14CA4C00B37A4C /* BoardsViewModel.swift in Sources */ = {isa = PBXBuildFile; fileRef = 8922F86B1F139DC200B37A4C /* BoardsViewModel.swift */; };
		8922F8B51F14CA4C00B37A4C /* AddCommentVC.swift in Sources */ = {isa = PBXBuildFile; fileRef = 89F79C611EF418A200F0AAC8 /* AddCommentVC.swift */; };
		8922F8B61F14CA4C00B37A4C /* AttachmentCell.swift in Sources */ = {isa = PBXBuildFile; fileRef = 8922F8791F14C40800B37A4C /* AttachmentCell.swift */; };
		8922F8B71F14CA4C00B37A4C /* CommentsVC.swift in Sources */ = {isa = PBXBuildFile; fileRef = 89F79C631EF418A200F0AAC8 /* CommentsVC.swift */; };
		8922F8B81F14CA4C00B37A4C /* ProjectCell.swift in Sources */ = {isa = PBXBuildFile; fileRef = 8922F8731F14B18100B37A4C /* ProjectCell.swift */; };
		8922F8B91F14CA4C00B37A4C /* Board.swift in Sources */ = {isa = PBXBuildFile; fileRef = 89F79C951EF91E8600F0AAC8 /* Board.swift */; };
		8922F8BA1F14CA4C00B37A4C /* WorklogsViewModel.swift in Sources */ = {isa = PBXBuildFile; fileRef = 8919000C1F00E61300671DE2 /* WorklogsViewModel.swift */; };
		8922F8BB1F14CA4C00B37A4C /* IssuesVC.swift in Sources */ = {isa = PBXBuildFile; fileRef = 89F79CBA1EFA8F4900F0AAC8 /* IssuesVC.swift */; };
		8922F8BC1F14CA4C00B37A4C /* Attachment.swift in Sources */ = {isa = PBXBuildFile; fileRef = 89F79C841EF7EB6800F0AAC8 /* Attachment.swift */; };
		8922F8BD1F14CA4C00B37A4C /* Project.swift in Sources */ = {isa = PBXBuildFile; fileRef = 89F79C801EF7EB0800F0AAC8 /* Project.swift */; };
		8922F8BF1F14CA4C00B37A4C /* Pods_JIRA_Swift.framework in Frameworks */ = {isa = PBXBuildFile; fileRef = 81B823DFD7936D634491DC9A /* Pods_JIRA_Swift.framework */; };
		8922F8C11F14CA4C00B37A4C /* Assets.xcassets in Resources */ = {isa = PBXBuildFile; fileRef = 891A96641E531FAD00B85B39 /* Assets.xcassets */; };
		8922F8C21F14CA4C00B37A4C /* Issues.storyboard in Resources */ = {isa = PBXBuildFile; fileRef = 89F0EF911EF283FA00A7C97D /* Issues.storyboard */; };
		8922F8C31F14CA4C00B37A4C /* Tempo.storyboard in Resources */ = {isa = PBXBuildFile; fileRef = 891900071F00DF0700671DE2 /* Tempo.storyboard */; };
		8922F8C41F14CA4C00B37A4C /* Main.storyboard in Resources */ = {isa = PBXBuildFile; fileRef = 891A96611E531FAD00B85B39 /* Main.storyboard */; };
		8922F8C51F14CA4C00B37A4C /* LaunchScreen.storyboard in Resources */ = {isa = PBXBuildFile; fileRef = 89F0EF8F1EF283C000A7C97D /* LaunchScreen.storyboard */; };
		8922F8C61F14CA4C00B37A4C /* ToastView.xib in Resources */ = {isa = PBXBuildFile; fileRef = 891835A61EE1EF48004209A7 /* ToastView.xib */; };
		8922F8CF1F14EBE200B37A4C /* MetaPickerVC.swift in Sources */ = {isa = PBXBuildFile; fileRef = 8922F8CE1F14EBE200B37A4C /* MetaPickerVC.swift */; };
		8922F8D01F14ED8600B37A4C /* MetaPickerVC.swift in Sources */ = {isa = PBXBuildFile; fileRef = 8922F8CE1F14EBE200B37A4C /* MetaPickerVC.swift */; };
		8922F8D21F160E2D00B37A4C /* ProjectPickerVC.swift in Sources */ = {isa = PBXBuildFile; fileRef = 8922F8D11F160E2D00B37A4C /* ProjectPickerVC.swift */; };
		8922F8D31F160EF500B37A4C /* ProjectPickerVC.swift in Sources */ = {isa = PBXBuildFile; fileRef = 8922F8D11F160E2D00B37A4C /* ProjectPickerVC.swift */; };
		8960017D1F02A73500F6255A /* AttachmentsViewModel.swift in Sources */ = {isa = PBXBuildFile; fileRef = 8960017C1F02A73500F6255A /* AttachmentsViewModel.swift */; };
		8960017F1F04D96000F6255A /* WorklogEditVC.swift in Sources */ = {isa = PBXBuildFile; fileRef = 8960017E1F04D96000F6255A /* WorklogEditVC.swift */; };
		89A334F81F2F226600CEF3B2 /* Transition.swift in Sources */ = {isa = PBXBuildFile; fileRef = 89A334F71F2F226600CEF3B2 /* Transition.swift */; };
		89A334F91F2F230700CEF3B2 /* Transition.swift in Sources */ = {isa = PBXBuildFile; fileRef = 89A334F71F2F226600CEF3B2 /* Transition.swift */; };
		89A334FB1F2F50CE00CEF3B2 /* BoardInfoVC.swift in Sources */ = {isa = PBXBuildFile; fileRef = 89A334FA1F2F50CE00CEF3B2 /* BoardInfoVC.swift */; };
		89A334FD1F2F518200CEF3B2 /* BoardInfoViewModel.swift in Sources */ = {isa = PBXBuildFile; fileRef = 89A334FC1F2F518200CEF3B2 /* BoardInfoViewModel.swift */; };
		89A334FE1F2F52B200CEF3B2 /* BoardInfoViewModel.swift in Sources */ = {isa = PBXBuildFile; fileRef = 89A334FC1F2F518200CEF3B2 /* BoardInfoViewModel.swift */; };
		89A334FF1F2F52BD00CEF3B2 /* BoardInfoVC.swift in Sources */ = {isa = PBXBuildFile; fileRef = 89A334FA1F2F50CE00CEF3B2 /* BoardInfoVC.swift */; };
		89A335011F2F549600CEF3B2 /* BoardCell.swift in Sources */ = {isa = PBXBuildFile; fileRef = 89A335001F2F549600CEF3B2 /* BoardCell.swift */; };
		89A335021F2F555800CEF3B2 /* BoardCell.swift in Sources */ = {isa = PBXBuildFile; fileRef = 89A335001F2F549600CEF3B2 /* BoardCell.swift */; };
		89A335051F31C00300CEF3B2 /* Api.swift in Sources */ = {isa = PBXBuildFile; fileRef = 89A335041F31C00200CEF3B2 /* Api.swift */; };
		89A335061F31C32800CEF3B2 /* Api.swift in Sources */ = {isa = PBXBuildFile; fileRef = 89A335041F31C00200CEF3B2 /* Api.swift */; };
		89BEDCFB1F2735490009361D /* ChangePasswordVC.swift in Sources */ = {isa = PBXBuildFile; fileRef = 89BEDCFA1F2735490009361D /* ChangePasswordVC.swift */; };
		89BEDCFC1F2735800009361D /* ChangePasswordVC.swift in Sources */ = {isa = PBXBuildFile; fileRef = 89BEDCFA1F2735490009361D /* ChangePasswordVC.swift */; };
		89BEDD2B1F29D3C00009361D /* View.swift in Sources */ = {isa = PBXBuildFile; fileRef = 89BEDD2A1F29D3C00009361D /* View.swift */; };
		89BEDD2E1F29D5230009361D /* View.swift in Sources */ = {isa = PBXBuildFile; fileRef = 89BEDD2A1F29D3C00009361D /* View.swift */; };
		89F0EF901EF283C000A7C97D /* LaunchScreen.storyboard in Resources */ = {isa = PBXBuildFile; fileRef = 89F0EF8F1EF283C000A7C97D /* LaunchScreen.storyboard */; };
		89F0EF921EF283FA00A7C97D /* Issues.storyboard in Resources */ = {isa = PBXBuildFile; fileRef = 89F0EF911EF283FA00A7C97D /* Issues.storyboard */; };
		89F79C6C1EF418A200F0AAC8 /* AddCommentVC.swift in Sources */ = {isa = PBXBuildFile; fileRef = 89F79C611EF418A200F0AAC8 /* AddCommentVC.swift */; };
		89F79C6D1EF418A200F0AAC8 /* AttachmentsVC.swift in Sources */ = {isa = PBXBuildFile; fileRef = 89F79C621EF418A200F0AAC8 /* AttachmentsVC.swift */; };
		89F79C6E1EF418A200F0AAC8 /* CommentsVC.swift in Sources */ = {isa = PBXBuildFile; fileRef = 89F79C631EF418A200F0AAC8 /* CommentsVC.swift */; };
		89F79C6F1EF418A200F0AAC8 /* IssueDetailsVC.swift in Sources */ = {isa = PBXBuildFile; fileRef = 89F79C641EF418A200F0AAC8 /* IssueDetailsVC.swift */; };
		89F79C701EF418A200F0AAC8 /* IssuesListVC.swift in Sources */ = {isa = PBXBuildFile; fileRef = 89F79C651EF418A200F0AAC8 /* IssuesListVC.swift */; };
		89F79C731EF418A200F0AAC8 /* LoginVC.swift in Sources */ = {isa = PBXBuildFile; fileRef = 89F79C681EF418A200F0AAC8 /* LoginVC.swift */; };
		89F79C741EF418A200F0AAC8 /* LogWorkVC.swift in Sources */ = {isa = PBXBuildFile; fileRef = 89F79C691EF418A200F0AAC8 /* LogWorkVC.swift */; };
		89F79C751EF418A200F0AAC8 /* ProjectsVC.swift in Sources */ = {isa = PBXBuildFile; fileRef = 89F79C6A1EF418A200F0AAC8 /* ProjectsVC.swift */; };
		89F79C761EF418A200F0AAC8 /* SettingsVC.swift in Sources */ = {isa = PBXBuildFile; fileRef = 89F79C6B1EF418A200F0AAC8 /* SettingsVC.swift */; };
		89F79C7D1EF7EA9C00F0AAC8 /* Issue.swift in Sources */ = {isa = PBXBuildFile; fileRef = 89F79C7C1EF7EA9C00F0AAC8 /* Issue.swift */; };
		89F79C7F1EF7EAD400F0AAC8 /* User.swift in Sources */ = {isa = PBXBuildFile; fileRef = 89F79C7E1EF7EAD400F0AAC8 /* User.swift */; };
		89F79C811EF7EB0800F0AAC8 /* Project.swift in Sources */ = {isa = PBXBuildFile; fileRef = 89F79C801EF7EB0800F0AAC8 /* Project.swift */; };
		89F79C831EF7EB2900F0AAC8 /* Comment.swift in Sources */ = {isa = PBXBuildFile; fileRef = 89F79C821EF7EB2900F0AAC8 /* Comment.swift */; };
		89F79C851EF7EB6800F0AAC8 /* Attachment.swift in Sources */ = {isa = PBXBuildFile; fileRef = 89F79C841EF7EB6800F0AAC8 /* Attachment.swift */; };
		89F79C871EF7EBCB00F0AAC8 /* TimeTracking.swift in Sources */ = {isa = PBXBuildFile; fileRef = 89F79C861EF7EBCB00F0AAC8 /* TimeTracking.swift */; };
		89F79C8B1EF8165D00F0AAC8 /* Presenter.swift in Sources */ = {isa = PBXBuildFile; fileRef = 89F79C8A1EF8165D00F0AAC8 /* Presenter.swift */; };
		89F79C8D1EF8209500F0AAC8 /* SVGImageView.swift in Sources */ = {isa = PBXBuildFile; fileRef = 89F79C8C1EF8209500F0AAC8 /* SVGImageView.swift */; };
		89F79C901EF8484B00F0AAC8 /* LoginViewModel.swift in Sources */ = {isa = PBXBuildFile; fileRef = 89F79C8F1EF8484B00F0AAC8 /* LoginViewModel.swift */; };
		89F79C941EF91DA000F0AAC8 /* BoardsVC.swift in Sources */ = {isa = PBXBuildFile; fileRef = 89F79C931EF91DA000F0AAC8 /* BoardsVC.swift */; };
		89F79C961EF91E8600F0AAC8 /* Board.swift in Sources */ = {isa = PBXBuildFile; fileRef = 89F79C951EF91E8600F0AAC8 /* Board.swift */; };
		89F79CB91EFA601700F0AAC8 /* KeychainItemWrapper.m in Sources */ = {isa = PBXBuildFile; fileRef = 89F79CB81EFA601700F0AAC8 /* KeychainItemWrapper.m */; settings = {COMPILER_FLAGS = "-fno-objc-arc"; }; };
		89F79CBB1EFA8F4900F0AAC8 /* IssuesVC.swift in Sources */ = {isa = PBXBuildFile; fileRef = 89F79CBA1EFA8F4900F0AAC8 /* IssuesVC.swift */; };
		89F79CBD1EFBA6E700F0AAC8 /* SettingsViewModel.swift in Sources */ = {isa = PBXBuildFile; fileRef = 89F79CBC1EFBA6E700F0AAC8 /* SettingsViewModel.swift */; };
		89F79CBF1EFBAFFF00F0AAC8 /* ProjectsViewModel.swift in Sources */ = {isa = PBXBuildFile; fileRef = 89F79CBE1EFBAFFF00F0AAC8 /* ProjectsViewModel.swift */; };
		89F79CC11EFBC34500F0AAC8 /* OrderByVC.swift in Sources */ = {isa = PBXBuildFile; fileRef = 89F79CC01EFBC34500F0AAC8 /* OrderByVC.swift */; };
		89F79CC31EFBC5AC00F0AAC8 /* Field.swift in Sources */ = {isa = PBXBuildFile; fileRef = 89F79CC21EFBC5AC00F0AAC8 /* Field.swift */; };
		89F79CC51EFBF65300F0AAC8 /* TempoTeamsVC.swift in Sources */ = {isa = PBXBuildFile; fileRef = 89F79CC41EFBF65300F0AAC8 /* TempoTeamsVC.swift */; };
		89F79CC71EFBF91900F0AAC8 /* TempoTeam.swift in Sources */ = {isa = PBXBuildFile; fileRef = 89F79CC61EFBF91900F0AAC8 /* TempoTeam.swift */; };
		89F79CC91EFC345800F0AAC8 /* CommentsViewModel.swift in Sources */ = {isa = PBXBuildFile; fileRef = 89F79CC81EFC345800F0AAC8 /* CommentsViewModel.swift */; };
		FAA7F49DF4E96A74BACD0C03 /* Pods_JIRA_Swift.framework in Frameworks */ = {isa = PBXBuildFile; fileRef = 81B823DFD7936D634491DC9A /* Pods_JIRA_Swift.framework */; };
/* End PBXBuildFile section */

/* Begin PBXFileReference section */
		4F27488170956A6C4BFC8B65 /* Pods-JIRA-Swift.debug.xcconfig */ = {isa = PBXFileReference; includeInIndex = 1; lastKnownFileType = text.xcconfig; name = "Pods-JIRA-Swift.debug.xcconfig"; path = "Pods/Target Support Files/Pods-JIRA-Swift/Pods-JIRA-Swift.debug.xcconfig"; sourceTree = "<group>"; };
		81B823DFD7936D634491DC9A /* Pods_JIRA_Swift.framework */ = {isa = PBXFileReference; explicitFileType = wrapper.framework; includeInIndex = 0; path = Pods_JIRA_Swift.framework; sourceTree = BUILT_PRODUCTS_DIR; };
		890D5D801F0A206C00BCFE59 /* IssueDetailsViewModel.swift */ = {isa = PBXFileReference; fileEncoding = 4; lastKnownFileType = sourcecode.swift; path = IssueDetailsViewModel.swift; sourceTree = "<group>"; };
		890D5D861F0CCD9500BCFE59 /* BoardCollectionCell.swift */ = {isa = PBXFileReference; fileEncoding = 4; lastKnownFileType = sourcecode.swift; name = BoardCollectionCell.swift; path = Cells/BoardCollectionCell.swift; sourceTree = "<group>"; };
		890D5D881F0CCDD800BCFE59 /* BoardIssueCell.swift */ = {isa = PBXFileReference; fileEncoding = 4; lastKnownFileType = sourcecode.swift; name = BoardIssueCell.swift; path = Cells/BoardIssueCell.swift; sourceTree = "<group>"; };
		891835A21EE1EF48004209A7 /* ImageViewCache.swift */ = {isa = PBXFileReference; fileEncoding = 4; lastKnownFileType = sourcecode.swift; path = ImageViewCache.swift; sourceTree = "<group>"; };
		891835A51EE1EF48004209A7 /* ToastView.swift */ = {isa = PBXFileReference; fileEncoding = 4; lastKnownFileType = sourcecode.swift; path = ToastView.swift; sourceTree = "<group>"; };
		891835A61EE1EF48004209A7 /* ToastView.xib */ = {isa = PBXFileReference; fileEncoding = 4; lastKnownFileType = file.xib; path = ToastView.xib; sourceTree = "<group>"; };
		891835AB1EE1EFB8004209A7 /* ViewController.swift */ = {isa = PBXFileReference; fileEncoding = 4; lastKnownFileType = sourcecode.swift; path = ViewController.swift; sourceTree = "<group>"; };
		891835AE1EE67FDD004209A7 /* AKActivityView.h */ = {isa = PBXFileReference; fileEncoding = 4; lastKnownFileType = sourcecode.c.h; path = AKActivityView.h; sourceTree = "<group>"; };
		891835AF1EE67FDD004209A7 /* AKActivityView.m */ = {isa = PBXFileReference; fileEncoding = 4; lastKnownFileType = sourcecode.c.objc; path = AKActivityView.m; sourceTree = "<group>"; };
		891835D71EE97757004209A7 /* Utils.swift */ = {isa = PBXFileReference; fileEncoding = 4; lastKnownFileType = sourcecode.swift; path = Utils.swift; sourceTree = "<group>"; };
		891835DB1EEAA1BC004209A7 /* LoadingCell.swift */ = {isa = PBXFileReference; fileEncoding = 4; lastKnownFileType = sourcecode.swift; path = LoadingCell.swift; sourceTree = "<group>"; };
		891835E61EEEDB80004209A7 /* JRDigitField.swift */ = {isa = PBXFileReference; fileEncoding = 4; lastKnownFileType = sourcecode.swift; path = JRDigitField.swift; sourceTree = "<group>"; };
		891835E81EEFCE3F004209A7 /* JRDateField.swift */ = {isa = PBXFileReference; fileEncoding = 4; lastKnownFileType = sourcecode.swift; path = JRDateField.swift; sourceTree = "<group>"; };
		891900051EFD4F3900671DE2 /* AddCommentViewModel.swift */ = {isa = PBXFileReference; fileEncoding = 4; lastKnownFileType = sourcecode.swift; path = AddCommentViewModel.swift; sourceTree = "<group>"; };
		891900071F00DF0700671DE2 /* Tempo.storyboard */ = {isa = PBXFileReference; fileEncoding = 4; lastKnownFileType = file.storyboard; path = Tempo.storyboard; sourceTree = "<group>"; };
		891900091F00E28B00671DE2 /* WorklogsVC.swift */ = {isa = PBXFileReference; fileEncoding = 4; lastKnownFileType = sourcecode.swift; path = WorklogsVC.swift; sourceTree = "<group>"; };
		8919000C1F00E61300671DE2 /* WorklogsViewModel.swift */ = {isa = PBXFileReference; fileEncoding = 4; lastKnownFileType = sourcecode.swift; path = WorklogsViewModel.swift; sourceTree = "<group>"; };
		8919000E1F00E9B400671DE2 /* Worklog.swift */ = {isa = PBXFileReference; fileEncoding = 4; lastKnownFileType = sourcecode.swift; path = Worklog.swift; sourceTree = "<group>"; };
		8919FFFC1EFD040A00671DE2 /* TempoUser.swift */ = {isa = PBXFileReference; fileEncoding = 4; lastKnownFileType = sourcecode.swift; path = TempoUser.swift; sourceTree = "<group>"; };
		8919FFFF1EFD052400671DE2 /* TempoUsersVC.swift */ = {isa = PBXFileReference; fileEncoding = 4; lastKnownFileType = sourcecode.swift; path = TempoUsersVC.swift; sourceTree = "<group>"; };
		891A965A1E531FAD00B85B39 /* JIRA-Swift-Onix.app */ = {isa = PBXFileReference; explicitFileType = wrapper.application; includeInIndex = 0; path = "JIRA-Swift-Onix.app"; sourceTree = BUILT_PRODUCTS_DIR; };
		891A965D1E531FAD00B85B39 /* AppDelegate.swift */ = {isa = PBXFileReference; lastKnownFileType = sourcecode.swift; path = AppDelegate.swift; sourceTree = "<group>"; };
		891A96621E531FAD00B85B39 /* Base */ = {isa = PBXFileReference; lastKnownFileType = file.storyboard; name = Base; path = Base.lproj/Main.storyboard; sourceTree = "<group>"; };
		891A96641E531FAD00B85B39 /* Assets.xcassets */ = {isa = PBXFileReference; lastKnownFileType = folder.assetcatalog; path = Assets.xcassets; sourceTree = "<group>"; };
		891A96691E531FAD00B85B39 /* Info.plist */ = {isa = PBXFileReference; lastKnownFileType = text.plist.xml; path = Info.plist; sourceTree = "<group>"; };
		891A96761E534DD900B85B39 /* Request.swift */ = {isa = PBXFileReference; fileEncoding = 4; lastKnownFileType = sourcecode.swift; path = Request.swift; sourceTree = "<group>"; };
		8922F8631F1364CD00B37A4C /* CreateIssueVC.swift */ = {isa = PBXFileReference; fileEncoding = 4; lastKnownFileType = sourcecode.swift; path = CreateIssueVC.swift; sourceTree = "<group>"; };
		8922F8651F13662D00B37A4C /* CreateIssueViewModel.swift */ = {isa = PBXFileReference; fileEncoding = 4; lastKnownFileType = sourcecode.swift; path = CreateIssueViewModel.swift; sourceTree = "<group>"; };
		8922F8671F13811300B37A4C /* TempoTeamsViewModel.swift */ = {isa = PBXFileReference; fileEncoding = 4; lastKnownFileType = sourcecode.swift; path = TempoTeamsViewModel.swift; sourceTree = "<group>"; };
		8922F8691F13848A00B37A4C /* TempoUsersViewModel.swift */ = {isa = PBXFileReference; fileEncoding = 4; lastKnownFileType = sourcecode.swift; path = TempoUsersViewModel.swift; sourceTree = "<group>"; };
		8922F86B1F139DC200B37A4C /* BoardsViewModel.swift */ = {isa = PBXFileReference; fileEncoding = 4; lastKnownFileType = sourcecode.swift; path = BoardsViewModel.swift; sourceTree = "<group>"; };
		8922F86D1F13A96B00B37A4C /* OrderByViewModel.swift */ = {isa = PBXFileReference; fileEncoding = 4; lastKnownFileType = sourcecode.swift; path = OrderByViewModel.swift; sourceTree = "<group>"; };
		8922F86F1F13BB5500B37A4C /* LogWorkViewModel.swift */ = {isa = PBXFileReference; fileEncoding = 4; lastKnownFileType = sourcecode.swift; path = LogWorkViewModel.swift; sourceTree = "<group>"; };
		8922F8711F14AE7200B37A4C /* IssuesListViewModel.swift */ = {isa = PBXFileReference; fileEncoding = 4; lastKnownFileType = sourcecode.swift; path = IssuesListViewModel.swift; sourceTree = "<group>"; };
		8922F8731F14B18100B37A4C /* ProjectCell.swift */ = {isa = PBXFileReference; fileEncoding = 4; lastKnownFileType = sourcecode.swift; path = ProjectCell.swift; sourceTree = "<group>"; };
		8922F8751F14B7C100B37A4C /* IssueCell.swift */ = {isa = PBXFileReference; fileEncoding = 4; lastKnownFileType = sourcecode.swift; path = IssueCell.swift; sourceTree = "<group>"; };
		8922F8771F14C01700B37A4C /* CommentCell.swift */ = {isa = PBXFileReference; fileEncoding = 4; lastKnownFileType = sourcecode.swift; path = CommentCell.swift; sourceTree = "<group>"; };
		8922F8791F14C40800B37A4C /* AttachmentCell.swift */ = {isa = PBXFileReference; fileEncoding = 4; lastKnownFileType = sourcecode.swift; path = AttachmentCell.swift; sourceTree = "<group>"; };
		8922F8CC1F14CA4C00B37A4C /* JIRA-Swift-Dev.app */ = {isa = PBXFileReference; explicitFileType = wrapper.application; includeInIndex = 0; path = "JIRA-Swift-Dev.app"; sourceTree = BUILT_PRODUCTS_DIR; };
		8922F8CD1F14CA4C00B37A4C /* JIRA-Swift copy-Info.plist */ = {isa = PBXFileReference; lastKnownFileType = text.plist.xml; name = "JIRA-Swift copy-Info.plist"; path = "/Users/Andmar/Projects/Practice/JIRA-Swift/JIRA-Swift copy-Info.plist"; sourceTree = "<absolute>"; };
		8922F8CE1F14EBE200B37A4C /* MetaPickerVC.swift */ = {isa = PBXFileReference; fileEncoding = 4; lastKnownFileType = sourcecode.swift; path = MetaPickerVC.swift; sourceTree = "<group>"; };
		8922F8D11F160E2D00B37A4C /* ProjectPickerVC.swift */ = {isa = PBXFileReference; fileEncoding = 4; lastKnownFileType = sourcecode.swift; path = ProjectPickerVC.swift; sourceTree = "<group>"; };
		8960017C1F02A73500F6255A /* AttachmentsViewModel.swift */ = {isa = PBXFileReference; fileEncoding = 4; lastKnownFileType = sourcecode.swift; path = AttachmentsViewModel.swift; sourceTree = "<group>"; };
		8960017E1F04D96000F6255A /* WorklogEditVC.swift */ = {isa = PBXFileReference; fileEncoding = 4; lastKnownFileType = sourcecode.swift; path = WorklogEditVC.swift; sourceTree = "<group>"; };
		898637741E5634F30084369A /* BridgingHeader.h */ = {isa = PBXFileReference; lastKnownFileType = sourcecode.c.h; path = BridgingHeader.h; sourceTree = "<group>"; };
		89A334F71F2F226600CEF3B2 /* Transition.swift */ = {isa = PBXFileReference; fileEncoding = 4; lastKnownFileType = sourcecode.swift; path = Transition.swift; sourceTree = "<group>"; };
		89A334FA1F2F50CE00CEF3B2 /* BoardInfoVC.swift */ = {isa = PBXFileReference; fileEncoding = 4; lastKnownFileType = sourcecode.swift; path = BoardInfoVC.swift; sourceTree = "<group>"; };
		89A334FC1F2F518200CEF3B2 /* BoardInfoViewModel.swift */ = {isa = PBXFileReference; fileEncoding = 4; lastKnownFileType = sourcecode.swift; path = BoardInfoViewModel.swift; sourceTree = "<group>"; };
		89A335001F2F549600CEF3B2 /* BoardCell.swift */ = {isa = PBXFileReference; fileEncoding = 4; lastKnownFileType = sourcecode.swift; name = BoardCell.swift; path = Cells/BoardCell.swift; sourceTree = "<group>"; };
		89A335041F31C00200CEF3B2 /* Api.swift */ = {isa = PBXFileReference; fileEncoding = 4; lastKnownFileType = sourcecode.swift; path = Api.swift; sourceTree = "<group>"; };
		89BEDCFA1F2735490009361D /* ChangePasswordVC.swift */ = {isa = PBXFileReference; fileEncoding = 4; lastKnownFileType = sourcecode.swift; path = ChangePasswordVC.swift; sourceTree = "<group>"; };
		89BEDD2A1F29D3C00009361D /* View.swift */ = {isa = PBXFileReference; fileEncoding = 4; lastKnownFileType = sourcecode.swift; path = View.swift; sourceTree = "<group>"; };
		89F0EF8F1EF283C000A7C97D /* LaunchScreen.storyboard */ = {isa = PBXFileReference; fileEncoding = 4; lastKnownFileType = file.storyboard; path = LaunchScreen.storyboard; sourceTree = "<group>"; };
		89F0EF911EF283FA00A7C97D /* Issues.storyboard */ = {isa = PBXFileReference; fileEncoding = 4; lastKnownFileType = file.storyboard; path = Issues.storyboard; sourceTree = "<group>"; };
		89F79C611EF418A200F0AAC8 /* AddCommentVC.swift */ = {isa = PBXFileReference; fileEncoding = 4; lastKnownFileType = sourcecode.swift; path = AddCommentVC.swift; sourceTree = "<group>"; };
		89F79C621EF418A200F0AAC8 /* AttachmentsVC.swift */ = {isa = PBXFileReference; fileEncoding = 4; lastKnownFileType = sourcecode.swift; path = AttachmentsVC.swift; sourceTree = "<group>"; };
		89F79C631EF418A200F0AAC8 /* CommentsVC.swift */ = {isa = PBXFileReference; fileEncoding = 4; lastKnownFileType = sourcecode.swift; path = CommentsVC.swift; sourceTree = "<group>"; };
		89F79C641EF418A200F0AAC8 /* IssueDetailsVC.swift */ = {isa = PBXFileReference; fileEncoding = 4; lastKnownFileType = sourcecode.swift; path = IssueDetailsVC.swift; sourceTree = "<group>"; };
		89F79C651EF418A200F0AAC8 /* IssuesListVC.swift */ = {isa = PBXFileReference; fileEncoding = 4; lastKnownFileType = sourcecode.swift; path = IssuesListVC.swift; sourceTree = "<group>"; };
		89F79C681EF418A200F0AAC8 /* LoginVC.swift */ = {isa = PBXFileReference; fileEncoding = 4; lastKnownFileType = sourcecode.swift; path = LoginVC.swift; sourceTree = "<group>"; };
		89F79C691EF418A200F0AAC8 /* LogWorkVC.swift */ = {isa = PBXFileReference; fileEncoding = 4; lastKnownFileType = sourcecode.swift; path = LogWorkVC.swift; sourceTree = "<group>"; };
		89F79C6A1EF418A200F0AAC8 /* ProjectsVC.swift */ = {isa = PBXFileReference; fileEncoding = 4; lastKnownFileType = sourcecode.swift; path = ProjectsVC.swift; sourceTree = "<group>"; };
		89F79C6B1EF418A200F0AAC8 /* SettingsVC.swift */ = {isa = PBXFileReference; fileEncoding = 4; lastKnownFileType = sourcecode.swift; path = SettingsVC.swift; sourceTree = "<group>"; };
		89F79C7C1EF7EA9C00F0AAC8 /* Issue.swift */ = {isa = PBXFileReference; fileEncoding = 4; lastKnownFileType = sourcecode.swift; path = Issue.swift; sourceTree = "<group>"; };
		89F79C7E1EF7EAD400F0AAC8 /* User.swift */ = {isa = PBXFileReference; fileEncoding = 4; lastKnownFileType = sourcecode.swift; path = User.swift; sourceTree = "<group>"; };
		89F79C801EF7EB0800F0AAC8 /* Project.swift */ = {isa = PBXFileReference; fileEncoding = 4; lastKnownFileType = sourcecode.swift; path = Project.swift; sourceTree = "<group>"; };
		89F79C821EF7EB2900F0AAC8 /* Comment.swift */ = {isa = PBXFileReference; fileEncoding = 4; lastKnownFileType = sourcecode.swift; path = Comment.swift; sourceTree = "<group>"; };
		89F79C841EF7EB6800F0AAC8 /* Attachment.swift */ = {isa = PBXFileReference; fileEncoding = 4; lastKnownFileType = sourcecode.swift; path = Attachment.swift; sourceTree = "<group>"; };
		89F79C861EF7EBCB00F0AAC8 /* TimeTracking.swift */ = {isa = PBXFileReference; fileEncoding = 4; lastKnownFileType = sourcecode.swift; path = TimeTracking.swift; sourceTree = "<group>"; };
		89F79C8A1EF8165D00F0AAC8 /* Presenter.swift */ = {isa = PBXFileReference; fileEncoding = 4; lastKnownFileType = sourcecode.swift; path = Presenter.swift; sourceTree = "<group>"; };
		89F79C8C1EF8209500F0AAC8 /* SVGImageView.swift */ = {isa = PBXFileReference; fileEncoding = 4; lastKnownFileType = sourcecode.swift; path = SVGImageView.swift; sourceTree = "<group>"; };
		89F79C8F1EF8484B00F0AAC8 /* LoginViewModel.swift */ = {isa = PBXFileReference; fileEncoding = 4; lastKnownFileType = sourcecode.swift; path = LoginViewModel.swift; sourceTree = "<group>"; };
		89F79C931EF91DA000F0AAC8 /* BoardsVC.swift */ = {isa = PBXFileReference; fileEncoding = 4; lastKnownFileType = sourcecode.swift; path = BoardsVC.swift; sourceTree = "<group>"; };
		89F79C951EF91E8600F0AAC8 /* Board.swift */ = {isa = PBXFileReference; fileEncoding = 4; lastKnownFileType = sourcecode.swift; path = Board.swift; sourceTree = "<group>"; };
		89F79CB71EFA601700F0AAC8 /* KeychainItemWrapper.h */ = {isa = PBXFileReference; fileEncoding = 4; lastKnownFileType = sourcecode.c.h; path = KeychainItemWrapper.h; sourceTree = "<group>"; };
		89F79CB81EFA601700F0AAC8 /* KeychainItemWrapper.m */ = {isa = PBXFileReference; fileEncoding = 4; lastKnownFileType = sourcecode.c.objc; path = KeychainItemWrapper.m; sourceTree = "<group>"; };
		89F79CBA1EFA8F4900F0AAC8 /* IssuesVC.swift */ = {isa = PBXFileReference; fileEncoding = 4; lastKnownFileType = sourcecode.swift; path = IssuesVC.swift; sourceTree = "<group>"; };
		89F79CBC1EFBA6E700F0AAC8 /* SettingsViewModel.swift */ = {isa = PBXFileReference; fileEncoding = 4; lastKnownFileType = sourcecode.swift; path = SettingsViewModel.swift; sourceTree = "<group>"; };
		89F79CBE1EFBAFFF00F0AAC8 /* ProjectsViewModel.swift */ = {isa = PBXFileReference; fileEncoding = 4; lastKnownFileType = sourcecode.swift; path = ProjectsViewModel.swift; sourceTree = "<group>"; };
		89F79CC01EFBC34500F0AAC8 /* OrderByVC.swift */ = {isa = PBXFileReference; fileEncoding = 4; lastKnownFileType = sourcecode.swift; path = OrderByVC.swift; sourceTree = "<group>"; };
		89F79CC21EFBC5AC00F0AAC8 /* Field.swift */ = {isa = PBXFileReference; fileEncoding = 4; lastKnownFileType = sourcecode.swift; path = Field.swift; sourceTree = "<group>"; };
		89F79CC41EFBF65300F0AAC8 /* TempoTeamsVC.swift */ = {isa = PBXFileReference; fileEncoding = 4; lastKnownFileType = sourcecode.swift; path = TempoTeamsVC.swift; sourceTree = "<group>"; };
		89F79CC61EFBF91900F0AAC8 /* TempoTeam.swift */ = {isa = PBXFileReference; fileEncoding = 4; lastKnownFileType = sourcecode.swift; path = TempoTeam.swift; sourceTree = "<group>"; };
		89F79CC81EFC345800F0AAC8 /* CommentsViewModel.swift */ = {isa = PBXFileReference; fileEncoding = 4; lastKnownFileType = sourcecode.swift; path = CommentsViewModel.swift; sourceTree = "<group>"; };
		F9999107DAEA619CC595131E /* Pods-JIRA-Swift.release.xcconfig */ = {isa = PBXFileReference; includeInIndex = 1; lastKnownFileType = text.xcconfig; name = "Pods-JIRA-Swift.release.xcconfig"; path = "Pods/Target Support Files/Pods-JIRA-Swift/Pods-JIRA-Swift.release.xcconfig"; sourceTree = "<group>"; };
/* End PBXFileReference section */

/* Begin PBXFrameworksBuildPhase section */
		891A96571E531FAD00B85B39 /* Frameworks */ = {
			isa = PBXFrameworksBuildPhase;
			buildActionMask = 2147483647;
			files = (
				FAA7F49DF4E96A74BACD0C03 /* Pods_JIRA_Swift.framework in Frameworks */,
			);
			runOnlyForDeploymentPostprocessing = 0;
		};
		8922F8BE1F14CA4C00B37A4C /* Frameworks */ = {
			isa = PBXFrameworksBuildPhase;
			buildActionMask = 2147483647;
			files = (
				8922F8BF1F14CA4C00B37A4C /* Pods_JIRA_Swift.framework in Frameworks */,
			);
			runOnlyForDeploymentPostprocessing = 0;
		};
/* End PBXFrameworksBuildPhase section */

/* Begin PBXGroup section */
		1AAD4DAF8576382E72BF30D7 /* Pods */ = {
			isa = PBXGroup;
			children = (
				4F27488170956A6C4BFC8B65 /* Pods-JIRA-Swift.debug.xcconfig */,
				F9999107DAEA619CC595131E /* Pods-JIRA-Swift.release.xcconfig */,
			);
			name = Pods;
			sourceTree = "<group>";
		};
		890D5D841F0CCBA800BCFE59 /* Boards */ = {
			isa = PBXGroup;
			children = (
				8922F86B1F139DC200B37A4C /* BoardsViewModel.swift */,
				89A334FC1F2F518200CEF3B2 /* BoardInfoViewModel.swift */,
			);
			name = Boards;
			sourceTree = "<group>";
		};
		890D5D851F0CCD5400BCFE59 /* Cells */ = {
			isa = PBXGroup;
			children = (
				890D5D861F0CCD9500BCFE59 /* BoardCollectionCell.swift */,
				890D5D881F0CCDD800BCFE59 /* BoardIssueCell.swift */,
				8922F8731F14B18100B37A4C /* ProjectCell.swift */,
				8922F8751F14B7C100B37A4C /* IssueCell.swift */,
				8922F8771F14C01700B37A4C /* CommentCell.swift */,
				8922F8791F14C40800B37A4C /* AttachmentCell.swift */,
				89A335001F2F549600CEF3B2 /* BoardCell.swift */,
			);
			name = Cells;
			sourceTree = "<group>";
		};
		891835701EE038D6004209A7 /* Network */ = {
			isa = PBXGroup;
			children = (
				891A96761E534DD900B85B39 /* Request.swift */,
				89A335041F31C00200CEF3B2 /* Api.swift */,
			);
			name = Network;
			sourceTree = "<group>";
		};
		891835731EE03904004209A7 /* Other */ = {
			isa = PBXGroup;
			children = (
				891835D71EE97757004209A7 /* Utils.swift */,
				891A96691E531FAD00B85B39 /* Info.plist */,
				898637741E5634F30084369A /* BridgingHeader.h */,
				891A965D1E531FAD00B85B39 /* AppDelegate.swift */,
			);
			name = Other;
			sourceTree = "<group>";
		};
		891835741EE0390F004209A7 /* Storyboards */ = {
			isa = PBXGroup;
			children = (
				891A96611E531FAD00B85B39 /* Main.storyboard */,
				89F0EF911EF283FA00A7C97D /* Issues.storyboard */,
				891900071F00DF0700671DE2 /* Tempo.storyboard */,
				89F0EF8F1EF283C000A7C97D /* LaunchScreen.storyboard */,
			);
			name = Storyboards;
			path = ..;
			sourceTree = "<group>";
		};
		891835A11EE1EF48004209A7 /* Components */ = {
			isa = PBXGroup;
			children = (
				891835AD1EE67FDD004209A7 /* AKActivityView */,
				891835A41EE1EF48004209A7 /* ToastView */,
				89BEDD291F29D3990009361D /* Ext */,
				891835A21EE1EF48004209A7 /* ImageViewCache.swift */,
				891835DB1EEAA1BC004209A7 /* LoadingCell.swift */,
				891835E61EEEDB80004209A7 /* JRDigitField.swift */,
				891835E81EEFCE3F004209A7 /* JRDateField.swift */,
				89F79C8C1EF8209500F0AAC8 /* SVGImageView.swift */,
			);
			path = Components;
			sourceTree = "<group>";
		};
		891835A41EE1EF48004209A7 /* ToastView */ = {
			isa = PBXGroup;
			children = (
				891835A51EE1EF48004209A7 /* ToastView.swift */,
				891835A61EE1EF48004209A7 /* ToastView.xib */,
			);
			path = ToastView;
			sourceTree = "<group>";
		};
		891835AD1EE67FDD004209A7 /* AKActivityView */ = {
			isa = PBXGroup;
			children = (
				891835AE1EE67FDD004209A7 /* AKActivityView.h */,
				891835AF1EE67FDD004209A7 /* AKActivityView.m */,
			);
			path = AKActivityView;
			sourceTree = "<group>";
		};
		891900011EFD4E4A00671DE2 /* Projects */ = {
			isa = PBXGroup;
			children = (
				89F79C6A1EF418A200F0AAC8 /* ProjectsVC.swift */,
			);
			name = Projects;
			sourceTree = "<group>";
		};
		891900021EFD4E5300671DE2 /* Boards */ = {
			isa = PBXGroup;
			children = (
				89F79C931EF91DA000F0AAC8 /* BoardsVC.swift */,
				89A334FA1F2F50CE00CEF3B2 /* BoardInfoVC.swift */,
			);
			name = Boards;
			sourceTree = "<group>";
		};
		891900031EFD4E5C00671DE2 /* Settings */ = {
			isa = PBXGroup;
			children = (
				89F79C6B1EF418A200F0AAC8 /* SettingsVC.swift */,
				89BEDCFA1F2735490009361D /* ChangePasswordVC.swift */,
			);
			name = Settings;
			sourceTree = "<group>";
		};
		891900041EFD4E6A00671DE2 /* Login */ = {
			isa = PBXGroup;
			children = (
				89F79C681EF418A200F0AAC8 /* LoginVC.swift */,
			);
			name = Login;
			sourceTree = "<group>";
		};
		8919000B1F00E5E800671DE2 /* Issues */ = {
			isa = PBXGroup;
			children = (
				8922F8711F14AE7200B37A4C /* IssuesListViewModel.swift */,
				890D5D801F0A206C00BCFE59 /* IssueDetailsViewModel.swift */,
				89F79CC81EFC345800F0AAC8 /* CommentsViewModel.swift */,
				8960017C1F02A73500F6255A /* AttachmentsViewModel.swift */,
				891900051EFD4F3900671DE2 /* AddCommentViewModel.swift */,
				8922F8651F13662D00B37A4C /* CreateIssueViewModel.swift */,
				8922F86D1F13A96B00B37A4C /* OrderByViewModel.swift */,
				8922F86F1F13BB5500B37A4C /* LogWorkViewModel.swift */,
			);
			name = Issues;
			sourceTree = "<group>";
		};
		8919FFFE1EFD04F500671DE2 /* Tempo */ = {
			isa = PBXGroup;
			children = (
				89F79CC41EFBF65300F0AAC8 /* TempoTeamsVC.swift */,
				8919FFFF1EFD052400671DE2 /* TempoUsersVC.swift */,
				891900091F00E28B00671DE2 /* WorklogsVC.swift */,
				8960017E1F04D96000F6255A /* WorklogEditVC.swift */,
			);
			name = Tempo;
			sourceTree = "<group>";
		};
		891A96511E531FAD00B85B39 = {
			isa = PBXGroup;
			children = (
				891A965C1E531FAD00B85B39 /* JIRA-Swift */,
				89F79CB51EFA601700F0AAC8 /* ThirdParty */,
				891A965B1E531FAD00B85B39 /* Products */,
				1AAD4DAF8576382E72BF30D7 /* Pods */,
				B4CD834BFBF039513AC689D8 /* Frameworks */,
				8922F8CD1F14CA4C00B37A4C /* JIRA-Swift copy-Info.plist */,
			);
			sourceTree = "<group>";
		};
		891A965B1E531FAD00B85B39 /* Products */ = {
			isa = PBXGroup;
			children = (
				891A965A1E531FAD00B85B39 /* JIRA-Swift-Onix.app */,
				8922F8CC1F14CA4C00B37A4C /* JIRA-Swift-Dev.app */,
			);
			name = Products;
			sourceTree = "<group>";
		};
		891A965C1E531FAD00B85B39 /* JIRA-Swift */ = {
			isa = PBXGroup;
			children = (
				891A96641E531FAD00B85B39 /* Assets.xcassets */,
				89F79C8A1EF8165D00F0AAC8 /* Presenter.swift */,
				89F79C601EF418A200F0AAC8 /* Views */,
				89F79C8E1EF844FA00F0AAC8 /* ViewModels */,
				89F79C771EF418B200F0AAC8 /* Models */,
				891835701EE038D6004209A7 /* Network */,
				891835A11EE1EF48004209A7 /* Components */,
				891835731EE03904004209A7 /* Other */,
			);
			path = "JIRA-Swift";
			sourceTree = "<group>";
		};
		896001801F04D99F00F6255A /* Tempo */ = {
			isa = PBXGroup;
			children = (
				8922F8691F13848A00B37A4C /* TempoUsersViewModel.swift */,
				8922F8671F13811300B37A4C /* TempoTeamsViewModel.swift */,
				8919000C1F00E61300671DE2 /* WorklogsViewModel.swift */,
			);
			name = Tempo;
			sourceTree = "<group>";
		};
		896001811F04D9AB00F6255A /* Settings */ = {
			isa = PBXGroup;
			children = (
				89F79CBC1EFBA6E700F0AAC8 /* SettingsViewModel.swift */,
			);
			name = Settings;
			sourceTree = "<group>";
		};
		896001821F0519C200F6255A /* Login */ = {
			isa = PBXGroup;
			children = (
				89F79C8F1EF8484B00F0AAC8 /* LoginViewModel.swift */,
			);
			name = Login;
			sourceTree = "<group>";
		};
		896001831F0519CB00F6255A /* Projects */ = {
			isa = PBXGroup;
			children = (
				89F79CBE1EFBAFFF00F0AAC8 /* ProjectsViewModel.swift */,
			);
			name = Projects;
			sourceTree = "<group>";
		};
		89BEDD291F29D3990009361D /* Ext */ = {
			isa = PBXGroup;
			children = (
				891835AB1EE1EFB8004209A7 /* ViewController.swift */,
				89BEDD2A1F29D3C00009361D /* View.swift */,
			);
			name = Ext;
			sourceTree = "<group>";
		};
		89F79C601EF418A200F0AAC8 /* Views */ = {
			isa = PBXGroup;
			children = (
				890D5D851F0CCD5400BCFE59 /* Cells */,
				891835741EE0390F004209A7 /* Storyboards */,
				891900041EFD4E6A00671DE2 /* Login */,
				89F79C7B1EF419B100F0AAC8 /* Issues */,
				891900021EFD4E5300671DE2 /* Boards */,
				8919FFFE1EFD04F500671DE2 /* Tempo */,
				891900011EFD4E4A00671DE2 /* Projects */,
				891900031EFD4E5C00671DE2 /* Settings */,
			);
			name = Views;
			path = Controllers;
			sourceTree = "<group>";
		};
		89F79C771EF418B200F0AAC8 /* Models */ = {
			isa = PBXGroup;
			children = (
				89F79C7C1EF7EA9C00F0AAC8 /* Issue.swift */,
				89F79C7E1EF7EAD400F0AAC8 /* User.swift */,
				89F79C801EF7EB0800F0AAC8 /* Project.swift */,
				89F79C821EF7EB2900F0AAC8 /* Comment.swift */,
				89F79C841EF7EB6800F0AAC8 /* Attachment.swift */,
				89F79C861EF7EBCB00F0AAC8 /* TimeTracking.swift */,
				89F79C951EF91E8600F0AAC8 /* Board.swift */,
				89F79CC21EFBC5AC00F0AAC8 /* Field.swift */,
				89F79CC61EFBF91900F0AAC8 /* TempoTeam.swift */,
				8919FFFC1EFD040A00671DE2 /* TempoUser.swift */,
				8919000E1F00E9B400671DE2 /* Worklog.swift */,
				89A334F71F2F226600CEF3B2 /* Transition.swift */,
			);
			name = Models;
			path = Mapping;
			sourceTree = "<group>";
		};
		89F79C7B1EF419B100F0AAC8 /* Issues */ = {
			isa = PBXGroup;
			children = (
				89F79CBA1EFA8F4900F0AAC8 /* IssuesVC.swift */,
				89F79C651EF418A200F0AAC8 /* IssuesListVC.swift */,
				89F79C641EF418A200F0AAC8 /* IssueDetailsVC.swift */,
				89F79C631EF418A200F0AAC8 /* CommentsVC.swift */,
				89F79C611EF418A200F0AAC8 /* AddCommentVC.swift */,
				89F79C691EF418A200F0AAC8 /* LogWorkVC.swift */,
				89F79C621EF418A200F0AAC8 /* AttachmentsVC.swift */,
				89F79CC01EFBC34500F0AAC8 /* OrderByVC.swift */,
				8922F8631F1364CD00B37A4C /* CreateIssueVC.swift */,
				8922F8CE1F14EBE200B37A4C /* MetaPickerVC.swift */,
				8922F8D11F160E2D00B37A4C /* ProjectPickerVC.swift */,
			);
			name = Issues;
			sourceTree = "<group>";
		};
		89F79C8E1EF844FA00F0AAC8 /* ViewModels */ = {
			isa = PBXGroup;
			children = (
				896001821F0519C200F6255A /* Login */,
				8919000B1F00E5E800671DE2 /* Issues */,
				896001831F0519CB00F6255A /* Projects */,
				896001811F04D9AB00F6255A /* Settings */,
				896001801F04D99F00F6255A /* Tempo */,
				890D5D841F0CCBA800BCFE59 /* Boards */,
			);
			name = ViewModels;
			path = "JIRA-Swift/ViewModels";
			sourceTree = SOURCE_ROOT;
		};
		89F79CB51EFA601700F0AAC8 /* ThirdParty */ = {
			isa = PBXGroup;
			children = (
				89F79CB61EFA601700F0AAC8 /* KeyChainWrapper */,
			);
			name = ThirdParty;
			path = "JIRA-Swift/ThirdParty";
			sourceTree = "<group>";
		};
		89F79CB61EFA601700F0AAC8 /* KeyChainWrapper */ = {
			isa = PBXGroup;
			children = (
				89F79CB71EFA601700F0AAC8 /* KeychainItemWrapper.h */,
				89F79CB81EFA601700F0AAC8 /* KeychainItemWrapper.m */,
			);
			path = KeyChainWrapper;
			sourceTree = "<group>";
		};
		B4CD834BFBF039513AC689D8 /* Frameworks */ = {
			isa = PBXGroup;
			children = (
				81B823DFD7936D634491DC9A /* Pods_JIRA_Swift.framework */,
			);
			name = Frameworks;
			sourceTree = "<group>";
		};
/* End PBXGroup section */

/* Begin PBXNativeTarget section */
		891A96591E531FAD00B85B39 /* JIRA-Swift-Onix */ = {
			isa = PBXNativeTarget;
			buildConfigurationList = 891A966C1E531FAD00B85B39 /* Build configuration list for PBXNativeTarget "JIRA-Swift-Onix" */;
			buildPhases = (
				00147B35DA43E70F943F7D1C /* [CP] Check Pods Manifest.lock */,
				891A96561E531FAD00B85B39 /* Sources */,
				891A96571E531FAD00B85B39 /* Frameworks */,
				891A96581E531FAD00B85B39 /* Resources */,
				7091AB2DF52ACAA39EDF0B1D /* [CP] Embed Pods Frameworks */,
				61E2A489BDF4F8EBA0FD5F6C /* [CP] Copy Pods Resources */,
			);
			buildRules = (
			);
			dependencies = (
			);
			name = "JIRA-Swift-Onix";
			productName = SomeSwiftApp;
			productReference = 891A965A1E531FAD00B85B39 /* JIRA-Swift-Onix.app */;
			productType = "com.apple.product-type.application";
		};
		8922F87B1F14CA4C00B37A4C /* JIRA-Swift-Dev */ = {
			isa = PBXNativeTarget;
			buildConfigurationList = 8922F8C91F14CA4C00B37A4C /* Build configuration list for PBXNativeTarget "JIRA-Swift-Dev" */;
			buildPhases = (
				8922F87C1F14CA4C00B37A4C /* [CP] Check Pods Manifest.lock */,
				8922F87D1F14CA4C00B37A4C /* Sources */,
				8922F8BE1F14CA4C00B37A4C /* Frameworks */,
				8922F8C01F14CA4C00B37A4C /* Resources */,
				8922F8C71F14CA4C00B37A4C /* [CP] Embed Pods Frameworks */,
				8922F8C81F14CA4C00B37A4C /* [CP] Copy Pods Resources */,
			);
			buildRules = (
			);
			dependencies = (
			);
			name = "JIRA-Swift-Dev";
			productName = SomeSwiftApp;
			productReference = 8922F8CC1F14CA4C00B37A4C /* JIRA-Swift-Dev.app */;
			productType = "com.apple.product-type.application";
		};
/* End PBXNativeTarget section */

/* Begin PBXProject section */
		891A96521E531FAD00B85B39 /* Project object */ = {
			isa = PBXProject;
			attributes = {
				LastSwiftUpdateCheck = 0820;
				LastUpgradeCheck = 0820;
				ORGANIZATIONNAME = home;
				TargetAttributes = {
					891A96591E531FAD00B85B39 = {
						CreatedOnToolsVersion = 8.2.1;
						DevelopmentTeam = GJX986XEH7;
						LastSwiftMigration = 0820;
						ProvisioningStyle = Automatic;
					};
					8922F87B1F14CA4C00B37A4C = {
						DevelopmentTeam = FMPRVL9ZX9;
					};
				};
			};
			buildConfigurationList = 891A96551E531FAD00B85B39 /* Build configuration list for PBXProject "JIRA-Swift" */;
			compatibilityVersion = "Xcode 3.2";
			developmentRegion = English;
			hasScannedForEncodings = 0;
			knownRegions = (
				en,
				Base,
			);
			mainGroup = 891A96511E531FAD00B85B39;
			productRefGroup = 891A965B1E531FAD00B85B39 /* Products */;
			projectDirPath = "";
			projectRoot = "";
			targets = (
				891A96591E531FAD00B85B39 /* JIRA-Swift-Onix */,
				8922F87B1F14CA4C00B37A4C /* JIRA-Swift-Dev */,
			);
		};
/* End PBXProject section */

/* Begin PBXResourcesBuildPhase section */
		891A96581E531FAD00B85B39 /* Resources */ = {
			isa = PBXResourcesBuildPhase;
			buildActionMask = 2147483647;
			files = (
				891A96651E531FAD00B85B39 /* Assets.xcassets in Resources */,
				89F0EF921EF283FA00A7C97D /* Issues.storyboard in Resources */,
				891900081F00DF0700671DE2 /* Tempo.storyboard in Resources */,
				891A96631E531FAD00B85B39 /* Main.storyboard in Resources */,
				89F0EF901EF283C000A7C97D /* LaunchScreen.storyboard in Resources */,
				891835AA1EE1EF48004209A7 /* ToastView.xib in Resources */,
			);
			runOnlyForDeploymentPostprocessing = 0;
		};
		8922F8C01F14CA4C00B37A4C /* Resources */ = {
			isa = PBXResourcesBuildPhase;
			buildActionMask = 2147483647;
			files = (
				8922F8C11F14CA4C00B37A4C /* Assets.xcassets in Resources */,
				8922F8C21F14CA4C00B37A4C /* Issues.storyboard in Resources */,
				8922F8C31F14CA4C00B37A4C /* Tempo.storyboard in Resources */,
				8922F8C41F14CA4C00B37A4C /* Main.storyboard in Resources */,
				8922F8C51F14CA4C00B37A4C /* LaunchScreen.storyboard in Resources */,
				8922F8C61F14CA4C00B37A4C /* ToastView.xib in Resources */,
			);
			runOnlyForDeploymentPostprocessing = 0;
		};
/* End PBXResourcesBuildPhase section */

/* Begin PBXShellScriptBuildPhase section */
		00147B35DA43E70F943F7D1C /* [CP] Check Pods Manifest.lock */ = {
			isa = PBXShellScriptBuildPhase;
			buildActionMask = 2147483647;
			files = (
			);
			inputPaths = (
			);
			name = "[CP] Check Pods Manifest.lock";
			outputPaths = (
			);
			runOnlyForDeploymentPostprocessing = 0;
			shellPath = /bin/sh;
			shellScript = "diff \"${PODS_PODFILE_DIR_PATH}/Podfile.lock\" \"${PODS_ROOT}/Manifest.lock\" > /dev/null\nif [ $? != 0 ] ; then\n    # print error to STDERR\n    echo \"error: The sandbox is not in sync with the Podfile.lock. Run 'pod install' or update your CocoaPods installation.\" >&2\n    exit 1\nfi\n";
			showEnvVarsInLog = 0;
		};
		61E2A489BDF4F8EBA0FD5F6C /* [CP] Copy Pods Resources */ = {
			isa = PBXShellScriptBuildPhase;
			buildActionMask = 2147483647;
			files = (
			);
			inputPaths = (
			);
			name = "[CP] Copy Pods Resources";
			outputPaths = (
			);
			runOnlyForDeploymentPostprocessing = 0;
			shellPath = /bin/sh;
			shellScript = "\"${SRCROOT}/Pods/Target Support Files/Pods-JIRA-Swift/Pods-JIRA-Swift-resources.sh\"\n";
			showEnvVarsInLog = 0;
		};
		7091AB2DF52ACAA39EDF0B1D /* [CP] Embed Pods Frameworks */ = {
			isa = PBXShellScriptBuildPhase;
			buildActionMask = 2147483647;
			files = (
			);
			inputPaths = (
			);
			name = "[CP] Embed Pods Frameworks";
			outputPaths = (
			);
			runOnlyForDeploymentPostprocessing = 0;
			shellPath = /bin/sh;
			shellScript = "\"${SRCROOT}/Pods/Target Support Files/Pods-JIRA-Swift/Pods-JIRA-Swift-frameworks.sh\"\n";
			showEnvVarsInLog = 0;
		};
		8922F87C1F14CA4C00B37A4C /* [CP] Check Pods Manifest.lock */ = {
			isa = PBXShellScriptBuildPhase;
			buildActionMask = 2147483647;
			files = (
			);
			inputPaths = (
			);
			name = "[CP] Check Pods Manifest.lock";
			outputPaths = (
			);
			runOnlyForDeploymentPostprocessing = 0;
			shellPath = /bin/sh;
			shellScript = "diff \"${PODS_PODFILE_DIR_PATH}/Podfile.lock\" \"${PODS_ROOT}/Manifest.lock\" > /dev/null\nif [ $? != 0 ] ; then\n    # print error to STDERR\n    echo \"error: The sandbox is not in sync with the Podfile.lock. Run 'pod install' or update your CocoaPods installation.\" >&2\n    exit 1\nfi\n";
			showEnvVarsInLog = 0;
		};
		8922F8C71F14CA4C00B37A4C /* [CP] Embed Pods Frameworks */ = {
			isa = PBXShellScriptBuildPhase;
			buildActionMask = 2147483647;
			files = (
			);
			inputPaths = (
			);
			name = "[CP] Embed Pods Frameworks";
			outputPaths = (
			);
			runOnlyForDeploymentPostprocessing = 0;
			shellPath = /bin/sh;
			shellScript = "\"${SRCROOT}/Pods/Target Support Files/Pods-JIRA-Swift/Pods-JIRA-Swift-frameworks.sh\"\n";
			showEnvVarsInLog = 0;
		};
		8922F8C81F14CA4C00B37A4C /* [CP] Copy Pods Resources */ = {
			isa = PBXShellScriptBuildPhase;
			buildActionMask = 2147483647;
			files = (
			);
			inputPaths = (
			);
			name = "[CP] Copy Pods Resources";
			outputPaths = (
			);
			runOnlyForDeploymentPostprocessing = 0;
			shellPath = /bin/sh;
			shellScript = "\"${SRCROOT}/Pods/Target Support Files/Pods-JIRA-Swift/Pods-JIRA-Swift-resources.sh\"\n";
			showEnvVarsInLog = 0;
		};
/* End PBXShellScriptBuildPhase section */

/* Begin PBXSourcesBuildPhase section */
		891A96561E531FAD00B85B39 /* Sources */ = {
			isa = PBXSourcesBuildPhase;
			buildActionMask = 2147483647;
			files = (
				89F79C7F1EF7EAD400F0AAC8 /* User.swift in Sources */,
				89F79C7D1EF7EA9C00F0AAC8 /* Issue.swift in Sources */,
				89F79C751EF418A200F0AAC8 /* ProjectsVC.swift in Sources */,
				8919000F1F00E9B400671DE2 /* Worklog.swift in Sources */,
				89BEDD2B1F29D3C00009361D /* View.swift in Sources */,
				8922F8641F1364CD00B37A4C /* CreateIssueVC.swift in Sources */,
				8922F8761F14B7C100B37A4C /* IssueCell.swift in Sources */,
				89F79C8D1EF8209500F0AAC8 /* SVGImageView.swift in Sources */,
				89F79C901EF8484B00F0AAC8 /* LoginViewModel.swift in Sources */,
				89F79CC91EFC345800F0AAC8 /* CommentsViewModel.swift in Sources */,
				89F79C831EF7EB2900F0AAC8 /* Comment.swift in Sources */,
				891835E71EEEDB80004209A7 /* JRDigitField.swift in Sources */,
				890D5D811F0A206C00BCFE59 /* IssueDetailsViewModel.swift in Sources */,
				89F79CB91EFA601700F0AAC8 /* KeychainItemWrapper.m in Sources */,
				891835AC1EE1EFB8004209A7 /* ViewController.swift in Sources */,
				8919000A1F00E28C00671DE2 /* WorklogsVC.swift in Sources */,
				89F79CC31EFBC5AC00F0AAC8 /* Field.swift in Sources */,
				891A96781E534DD900B85B39 /* Request.swift in Sources */,
				890D5D871F0CCD9500BCFE59 /* BoardCollectionCell.swift in Sources */,
				890D5D891F0CCDD800BCFE59 /* BoardIssueCell.swift in Sources */,
				89F79C701EF418A200F0AAC8 /* IssuesListVC.swift in Sources */,
				891835B01EE67FDD004209A7 /* AKActivityView.m in Sources */,
				89F79CC71EFBF91900F0AAC8 /* TempoTeam.swift in Sources */,
				8960017F1F04D96000F6255A /* WorklogEditVC.swift in Sources */,
				8922F86E1F13A96B00B37A4C /* OrderByViewModel.swift in Sources */,
				891835E91EEFCE3F004209A7 /* JRDateField.swift in Sources */,
				891835D81EE97757004209A7 /* Utils.swift in Sources */,
				89F79CBD1EFBA6E700F0AAC8 /* SettingsViewModel.swift in Sources */,
				89F79C6F1EF418A200F0AAC8 /* IssueDetailsVC.swift in Sources */,
				89F79C6D1EF418A200F0AAC8 /* AttachmentsVC.swift in Sources */,
				89F79CC51EFBF65300F0AAC8 /* TempoTeamsVC.swift in Sources */,
				8919FFFD1EFD040A00671DE2 /* TempoUser.swift in Sources */,
				891835A91EE1EF48004209A7 /* ToastView.swift in Sources */,
				89F79C871EF7EBCB00F0AAC8 /* TimeTracking.swift in Sources */,
				891900001EFD052400671DE2 /* TempoUsersVC.swift in Sources */,
				891835DC1EEAA1BC004209A7 /* LoadingCell.swift in Sources */,
				8922F86A1F13848A00B37A4C /* TempoUsersViewModel.swift in Sources */,
				8960017D1F02A73500F6255A /* AttachmentsViewModel.swift in Sources */,
				89A334FD1F2F518200CEF3B2 /* BoardInfoViewModel.swift in Sources */,
				89F79C731EF418A200F0AAC8 /* LoginVC.swift in Sources */,
				89A334F81F2F226600CEF3B2 /* Transition.swift in Sources */,
				891835A71EE1EF48004209A7 /* ImageViewCache.swift in Sources */,
				89F79C741EF418A200F0AAC8 /* LogWorkVC.swift in Sources */,
				89F79C8B1EF8165D00F0AAC8 /* Presenter.swift in Sources */,
				8922F8781F14C01700B37A4C /* CommentCell.swift in Sources */,
				8922F8681F13811300B37A4C /* TempoTeamsViewModel.swift in Sources */,
				8922F8701F13BB5500B37A4C /* LogWorkViewModel.swift in Sources */,
				89F79CC11EFBC34500F0AAC8 /* OrderByVC.swift in Sources */,
				8922F8661F13662D00B37A4C /* CreateIssueViewModel.swift in Sources */,
				89F79C941EF91DA000F0AAC8 /* BoardsVC.swift in Sources */,
				891A965E1E531FAD00B85B39 /* AppDelegate.swift in Sources */,
				89F79CBF1EFBAFFF00F0AAC8 /* ProjectsViewModel.swift in Sources */,
				8922F8721F14AE7200B37A4C /* IssuesListViewModel.swift in Sources */,
				89BEDCFB1F2735490009361D /* ChangePasswordVC.swift in Sources */,
				891900061EFD4F3900671DE2 /* AddCommentViewModel.swift in Sources */,
				89F79C761EF418A200F0AAC8 /* SettingsVC.swift in Sources */,
				89A335051F31C00300CEF3B2 /* Api.swift in Sources */,
				8922F86C1F139DC200B37A4C /* BoardsViewModel.swift in Sources */,
				89A335011F2F549600CEF3B2 /* BoardCell.swift in Sources */,
				89F79C6C1EF418A200F0AAC8 /* AddCommentVC.swift in Sources */,
				89A334FB1F2F50CE00CEF3B2 /* BoardInfoVC.swift in Sources */,
				8922F87A1F14C40800B37A4C /* AttachmentCell.swift in Sources */,
				89F79C6E1EF418A200F0AAC8 /* CommentsVC.swift in Sources */,
				8922F8D21F160E2D00B37A4C /* ProjectPickerVC.swift in Sources */,
				8922F8741F14B18100B37A4C /* ProjectCell.swift in Sources */,
				89F79C961EF91E8600F0AAC8 /* Board.swift in Sources */,
				8919000D1F00E61300671DE2 /* WorklogsViewModel.swift in Sources */,
				89F79CBB1EFA8F4900F0AAC8 /* IssuesVC.swift in Sources */,
				89F79C851EF7EB6800F0AAC8 /* Attachment.swift in Sources */,
				89F79C811EF7EB0800F0AAC8 /* Project.swift in Sources */,
				8922F8CF1F14EBE200B37A4C /* MetaPickerVC.swift in Sources */,
			);
			runOnlyForDeploymentPostprocessing = 0;
		};
		8922F87D1F14CA4C00B37A4C /* Sources */ = {
			isa = PBXSourcesBuildPhase;
			buildActionMask = 2147483647;
			files = (
				8922F87E1F14CA4C00B37A4C /* User.swift in Sources */,
				89A334FE1F2F52B200CEF3B2 /* BoardInfoViewModel.swift in Sources */,
				8922F87F1F14CA4C00B37A4C /* Issue.swift in Sources */,
				8922F8801F14CA4C00B37A4C /* ProjectsVC.swift in Sources */,
				8922F8811F14CA4C00B37A4C /* Worklog.swift in Sources */,
				89BEDD2E1F29D5230009361D /* View.swift in Sources */,
				8922F8821F14CA4C00B37A4C /* CreateIssueVC.swift in Sources */,
				8922F8831F14CA4C00B37A4C /* IssueCell.swift in Sources */,
				8922F8841F14CA4C00B37A4C /* SVGImageView.swift in Sources */,
				8922F8851F14CA4C00B37A4C /* LoginViewModel.swift in Sources */,
				8922F8861F14CA4C00B37A4C /* CommentsViewModel.swift in Sources */,
				8922F8871F14CA4C00B37A4C /* Comment.swift in Sources */,
				8922F8881F14CA4C00B37A4C /* JRDigitField.swift in Sources */,
				8922F8891F14CA4C00B37A4C /* IssueDetailsViewModel.swift in Sources */,
				8922F88A1F14CA4C00B37A4C /* KeychainItemWrapper.m in Sources */,
				8922F88B1F14CA4C00B37A4C /* ViewController.swift in Sources */,
				8922F88C1F14CA4C00B37A4C /* WorklogsVC.swift in Sources */,
				8922F88D1F14CA4C00B37A4C /* Field.swift in Sources */,
				8922F88E1F14CA4C00B37A4C /* Request.swift in Sources */,
				8922F88F1F14CA4C00B37A4C /* BoardCollectionCell.swift in Sources */,
				8922F8901F14CA4C00B37A4C /* BoardIssueCell.swift in Sources */,
				8922F8911F14CA4C00B37A4C /* IssuesListVC.swift in Sources */,
				8922F8921F14CA4C00B37A4C /* AKActivityView.m in Sources */,
				8922F8931F14CA4C00B37A4C /* TempoTeam.swift in Sources */,
				8922F8941F14CA4C00B37A4C /* WorklogEditVC.swift in Sources */,
				8922F8951F14CA4C00B37A4C /* OrderByViewModel.swift in Sources */,
				8922F8961F14CA4C00B37A4C /* JRDateField.swift in Sources */,
				8922F8971F14CA4C00B37A4C /* Utils.swift in Sources */,
				8922F8981F14CA4C00B37A4C /* SettingsViewModel.swift in Sources */,
				8922F8991F14CA4C00B37A4C /* IssueDetailsVC.swift in Sources */,
				8922F89A1F14CA4C00B37A4C /* AttachmentsVC.swift in Sources */,
				8922F89B1F14CA4C00B37A4C /* TempoTeamsVC.swift in Sources */,
				8922F89C1F14CA4C00B37A4C /* TempoUser.swift in Sources */,
				8922F89D1F14CA4C00B37A4C /* ToastView.swift in Sources */,
				8922F89E1F14CA4C00B37A4C /* TimeTracking.swift in Sources */,
				8922F89F1F14CA4C00B37A4C /* TempoUsersVC.swift in Sources */,
				8922F8A01F14CA4C00B37A4C /* LoadingCell.swift in Sources */,
				8922F8A11F14CA4C00B37A4C /* TempoUsersViewModel.swift in Sources */,
				8922F8A21F14CA4C00B37A4C /* AttachmentsViewModel.swift in Sources */,
				8922F8A31F14CA4C00B37A4C /* LoginVC.swift in Sources */,
				89A334F91F2F230700CEF3B2 /* Transition.swift in Sources */,
				8922F8A41F14CA4C00B37A4C /* ImageViewCache.swift in Sources */,
				8922F8A51F14CA4C00B37A4C /* LogWorkVC.swift in Sources */,
				8922F8A61F14CA4C00B37A4C /* Presenter.swift in Sources */,
				8922F8A71F14CA4C00B37A4C /* CommentCell.swift in Sources */,
				8922F8A81F14CA4C00B37A4C /* TempoTeamsViewModel.swift in Sources */,
				8922F8A91F14CA4C00B37A4C /* LogWorkViewModel.swift in Sources */,
				8922F8AA1F14CA4C00B37A4C /* OrderByVC.swift in Sources */,
				8922F8AC1F14CA4C00B37A4C /* CreateIssueViewModel.swift in Sources */,
				8922F8AD1F14CA4C00B37A4C /* BoardsVC.swift in Sources */,
				8922F8AE1F14CA4C00B37A4C /* AppDelegate.swift in Sources */,
				8922F8AF1F14CA4C00B37A4C /* ProjectsViewModel.swift in Sources */,
				89A334FF1F2F52BD00CEF3B2 /* BoardInfoVC.swift in Sources */,
				8922F8B01F14CA4C00B37A4C /* IssuesListViewModel.swift in Sources */,
				89BEDCFC1F2735800009361D /* ChangePasswordVC.swift in Sources */,
				8922F8B11F14CA4C00B37A4C /* AddCommentViewModel.swift in Sources */,
				89A335061F31C32800CEF3B2 /* Api.swift in Sources */,
				8922F8B21F14CA4C00B37A4C /* SettingsVC.swift in Sources */,
				89A335021F2F555800CEF3B2 /* BoardCell.swift in Sources */,
				8922F8B31F14CA4C00B37A4C /* BoardsViewModel.swift in Sources */,
				8922F8B51F14CA4C00B37A4C /* AddCommentVC.swift in Sources */,
				8922F8B61F14CA4C00B37A4C /* AttachmentCell.swift in Sources */,
				8922F8B71F14CA4C00B37A4C /* CommentsVC.swift in Sources */,
				8922F8D31F160EF500B37A4C /* ProjectPickerVC.swift in Sources */,
				8922F8B81F14CA4C00B37A4C /* ProjectCell.swift in Sources */,
				8922F8B91F14CA4C00B37A4C /* Board.swift in Sources */,
				8922F8BA1F14CA4C00B37A4C /* WorklogsViewModel.swift in Sources */,
				8922F8BB1F14CA4C00B37A4C /* IssuesVC.swift in Sources */,
				8922F8BC1F14CA4C00B37A4C /* Attachment.swift in Sources */,
				8922F8BD1F14CA4C00B37A4C /* Project.swift in Sources */,
				8922F8D01F14ED8600B37A4C /* MetaPickerVC.swift in Sources */,
			);
			runOnlyForDeploymentPostprocessing = 0;
		};
/* End PBXSourcesBuildPhase section */

/* Begin PBXVariantGroup section */
		891A96611E531FAD00B85B39 /* Main.storyboard */ = {
			isa = PBXVariantGroup;
			children = (
				891A96621E531FAD00B85B39 /* Base */,
			);
			name = Main.storyboard;
			sourceTree = "<group>";
		};
/* End PBXVariantGroup section */

/* Begin XCBuildConfiguration section */
		891A966A1E531FAD00B85B39 /* Debug */ = {
			isa = XCBuildConfiguration;
			buildSettings = {
				ALWAYS_SEARCH_USER_PATHS = NO;
				CLANG_ANALYZER_NONNULL = YES;
				CLANG_CXX_LANGUAGE_STANDARD = "gnu++0x";
				CLANG_CXX_LIBRARY = "libc++";
				CLANG_ENABLE_MODULES = YES;
				CLANG_ENABLE_OBJC_ARC = YES;
				CLANG_WARN_BOOL_CONVERSION = YES;
				CLANG_WARN_CONSTANT_CONVERSION = YES;
				CLANG_WARN_DIRECT_OBJC_ISA_USAGE = YES_ERROR;
				CLANG_WARN_DOCUMENTATION_COMMENTS = YES;
				CLANG_WARN_EMPTY_BODY = YES;
				CLANG_WARN_ENUM_CONVERSION = YES;
				CLANG_WARN_INFINITE_RECURSION = YES;
				CLANG_WARN_INT_CONVERSION = YES;
				CLANG_WARN_OBJC_ROOT_CLASS = YES_ERROR;
				CLANG_WARN_SUSPICIOUS_MOVE = YES;
				CLANG_WARN_UNREACHABLE_CODE = YES;
				CLANG_WARN__DUPLICATE_METHOD_MATCH = YES;
				"CODE_SIGN_IDENTITY[sdk=iphoneos*]" = "iPhone Developer";
				COPY_PHASE_STRIP = NO;
				DEBUG_INFORMATION_FORMAT = dwarf;
				ENABLE_STRICT_OBJC_MSGSEND = YES;
				ENABLE_TESTABILITY = YES;
				GCC_C_LANGUAGE_STANDARD = gnu99;
				GCC_DYNAMIC_NO_PIC = NO;
				GCC_NO_COMMON_BLOCKS = YES;
				GCC_OPTIMIZATION_LEVEL = 0;
				GCC_PREPROCESSOR_DEFINITIONS = (
					"DEBUG=1",
					"$(inherited)",
				);
				GCC_WARN_64_TO_32_BIT_CONVERSION = YES;
				GCC_WARN_ABOUT_RETURN_TYPE = YES_ERROR;
				GCC_WARN_UNDECLARED_SELECTOR = YES;
				GCC_WARN_UNINITIALIZED_AUTOS = YES_AGGRESSIVE;
				GCC_WARN_UNUSED_FUNCTION = YES;
				GCC_WARN_UNUSED_VARIABLE = YES;
				IPHONEOS_DEPLOYMENT_TARGET = 10.2;
				MTL_ENABLE_DEBUG_INFO = YES;
				ONLY_ACTIVE_ARCH = YES;
				SDKROOT = iphoneos;
				SWIFT_ACTIVE_COMPILATION_CONDITIONS = DEBUG;
				SWIFT_OPTIMIZATION_LEVEL = "-Onone";
			};
			name = Debug;
		};
		891A966B1E531FAD00B85B39 /* Release */ = {
			isa = XCBuildConfiguration;
			buildSettings = {
				ALWAYS_SEARCH_USER_PATHS = NO;
				CLANG_ANALYZER_NONNULL = YES;
				CLANG_CXX_LANGUAGE_STANDARD = "gnu++0x";
				CLANG_CXX_LIBRARY = "libc++";
				CLANG_ENABLE_MODULES = YES;
				CLANG_ENABLE_OBJC_ARC = YES;
				CLANG_WARN_BOOL_CONVERSION = YES;
				CLANG_WARN_CONSTANT_CONVERSION = YES;
				CLANG_WARN_DIRECT_OBJC_ISA_USAGE = YES_ERROR;
				CLANG_WARN_DOCUMENTATION_COMMENTS = YES;
				CLANG_WARN_EMPTY_BODY = YES;
				CLANG_WARN_ENUM_CONVERSION = YES;
				CLANG_WARN_INFINITE_RECURSION = YES;
				CLANG_WARN_INT_CONVERSION = YES;
				CLANG_WARN_OBJC_ROOT_CLASS = YES_ERROR;
				CLANG_WARN_SUSPICIOUS_MOVE = YES;
				CLANG_WARN_UNREACHABLE_CODE = YES;
				CLANG_WARN__DUPLICATE_METHOD_MATCH = YES;
				"CODE_SIGN_IDENTITY[sdk=iphoneos*]" = "iPhone Developer";
				COPY_PHASE_STRIP = NO;
				DEBUG_INFORMATION_FORMAT = "dwarf-with-dsym";
				ENABLE_NS_ASSERTIONS = NO;
				ENABLE_STRICT_OBJC_MSGSEND = YES;
				GCC_C_LANGUAGE_STANDARD = gnu99;
				GCC_NO_COMMON_BLOCKS = YES;
				GCC_WARN_64_TO_32_BIT_CONVERSION = YES;
				GCC_WARN_ABOUT_RETURN_TYPE = YES_ERROR;
				GCC_WARN_UNDECLARED_SELECTOR = YES;
				GCC_WARN_UNINITIALIZED_AUTOS = YES_AGGRESSIVE;
				GCC_WARN_UNUSED_FUNCTION = YES;
				GCC_WARN_UNUSED_VARIABLE = YES;
				IPHONEOS_DEPLOYMENT_TARGET = 10.2;
				MTL_ENABLE_DEBUG_INFO = NO;
				SDKROOT = iphoneos;
				SWIFT_OPTIMIZATION_LEVEL = "-Owholemodule";
				VALIDATE_PRODUCT = YES;
			};
			name = Release;
		};
		891A966D1E531FAD00B85B39 /* Debug */ = {
			isa = XCBuildConfiguration;
			baseConfigurationReference = 4F27488170956A6C4BFC8B65 /* Pods-JIRA-Swift.debug.xcconfig */;
			buildSettings = {
				ASSETCATALOG_COMPILER_APPICON_NAME = AppIcon;
				CLANG_ENABLE_MODULES = YES;
				DEVELOPMENT_TEAM = GJX986XEH7;
				INFOPLIST_FILE = "$(SRCROOT)/JIRA-Swift/Info.plist";
				IPHONEOS_DEPLOYMENT_TARGET = 9.3;
				LD_RUNPATH_SEARCH_PATHS = "$(inherited) @executable_path/Frameworks";
				PRODUCT_BUNDLE_IDENTIFIER = com.onixjiraswift.app;
				PRODUCT_NAME = "$(TARGET_NAME)";
				SWIFT_OBJC_BRIDGING_HEADER = "JIRA-Swift/BridgingHeader.h";
				SWIFT_OPTIMIZATION_LEVEL = "-Onone";
				SWIFT_VERSION = 3.0;
			};
			name = Debug;
		};
		891A966E1E531FAD00B85B39 /* Release */ = {
			isa = XCBuildConfiguration;
			baseConfigurationReference = F9999107DAEA619CC595131E /* Pods-JIRA-Swift.release.xcconfig */;
			buildSettings = {
				ASSETCATALOG_COMPILER_APPICON_NAME = AppIcon;
				CLANG_ENABLE_MODULES = YES;
				DEVELOPMENT_TEAM = GJX986XEH7;
				INFOPLIST_FILE = "$(SRCROOT)/JIRA-Swift/Info.plist";
				IPHONEOS_DEPLOYMENT_TARGET = 9.3;
				LD_RUNPATH_SEARCH_PATHS = "$(inherited) @executable_path/Frameworks";
				PRODUCT_BUNDLE_IDENTIFIER = com.onixjiraswift.app;
				PRODUCT_NAME = "$(TARGET_NAME)";
				SWIFT_OBJC_BRIDGING_HEADER = "JIRA-Swift/BridgingHeader.h";
				SWIFT_VERSION = 3.0;
			};
			name = Release;
		};
		8922F8CA1F14CA4C00B37A4C /* Debug */ = {
			isa = XCBuildConfiguration;
			baseConfigurationReference = 4F27488170956A6C4BFC8B65 /* Pods-JIRA-Swift.debug.xcconfig */;
			buildSettings = {
				ASSETCATALOG_COMPILER_APPICON_NAME = AppIcon;
				CLANG_ENABLE_MODULES = YES;
				DEVELOPMENT_TEAM = FMPRVL9ZX9;
				INFOPLIST_FILE = "JIRA-Swift copy-Info.plist";
				IPHONEOS_DEPLOYMENT_TARGET = 9.3;
				LD_RUNPATH_SEARCH_PATHS = "$(inherited) @executable_path/Frameworks";
				PRODUCT_BUNDLE_IDENTIFIER = "com.jira-swift";
				PRODUCT_NAME = "$(TARGET_NAME)";
				SWIFT_OBJC_BRIDGING_HEADER = "JIRA-Swift/BridgingHeader.h";
				SWIFT_OPTIMIZATION_LEVEL = "-Onone";
				SWIFT_VERSION = 3.0;
			};
			name = Debug;
		};
		8922F8CB1F14CA4C00B37A4C /* Release */ = {
			isa = XCBuildConfiguration;
			baseConfigurationReference = F9999107DAEA619CC595131E /* Pods-JIRA-Swift.release.xcconfig */;
			buildSettings = {
				ASSETCATALOG_COMPILER_APPICON_NAME = AppIcon;
				CLANG_ENABLE_MODULES = YES;
				DEVELOPMENT_TEAM = FMPRVL9ZX9;
				INFOPLIST_FILE = "JIRA-Swift copy-Info.plist";
				IPHONEOS_DEPLOYMENT_TARGET = 9.3;
				LD_RUNPATH_SEARCH_PATHS = "$(inherited) @executable_path/Frameworks";
				PRODUCT_BUNDLE_IDENTIFIER = "com.jira-swift";
				PRODUCT_NAME = "$(TARGET_NAME)";
				SWIFT_OBJC_BRIDGING_HEADER = "JIRA-Swift/BridgingHeader.h";
				SWIFT_VERSION = 3.0;
			};
			name = Release;
		};
/* End XCBuildConfiguration section */

/* Begin XCConfigurationList section */
		891A96551E531FAD00B85B39 /* Build configuration list for PBXProject "JIRA-Swift" */ = {
			isa = XCConfigurationList;
			buildConfigurations = (
				891A966A1E531FAD00B85B39 /* Debug */,
				891A966B1E531FAD00B85B39 /* Release */,
			);
			defaultConfigurationIsVisible = 0;
			defaultConfigurationName = Release;
		};
		891A966C1E531FAD00B85B39 /* Build configuration list for PBXNativeTarget "JIRA-Swift-Onix" */ = {
			isa = XCConfigurationList;
			buildConfigurations = (
				891A966D1E531FAD00B85B39 /* Debug */,
				891A966E1E531FAD00B85B39 /* Release */,
			);
			defaultConfigurationIsVisible = 0;
			defaultConfigurationName = Release;
		};
		8922F8C91F14CA4C00B37A4C /* Build configuration list for PBXNativeTarget "JIRA-Swift-Dev" */ = {
			isa = XCConfigurationList;
			buildConfigurations = (
				8922F8CA1F14CA4C00B37A4C /* Debug */,
				8922F8CB1F14CA4C00B37A4C /* Release */,
			);
			defaultConfigurationIsVisible = 0;
			defaultConfigurationName = Release;
		};
/* End XCConfigurationList section */
	};
	rootObject = 891A96521E531FAD00B85B39 /* Project object */;
}
