// !$*UTF8*$!
{
	archiveVersion = 1;
	classes = {
	};
	objectVersion = 46;
	objects = {

/* Begin PBXBuildFile section */
		891A965E1E531FAD00B85B39 /* AppDelegate.swift in Sources */ = {isa = PBXBuildFile; fileRef = 891A965D1E531FAD00B85B39 /* AppDelegate.swift */; };
		891A96601E531FAD00B85B39 /* ViewController.swift in Sources */ = {isa = PBXBuildFile; fileRef = 891A965F1E531FAD00B85B39 /* ViewController.swift */; };
		891A96631E531FAD00B85B39 /* Main.storyboard in Resources */ = {isa = PBXBuildFile; fileRef = 891A96611E531FAD00B85B39 /* Main.storyboard */; };
		891A96651E531FAD00B85B39 /* Assets.xcassets in Resources */ = {isa = PBXBuildFile; fileRef = 891A96641E531FAD00B85B39 /* Assets.xcassets */; };
		891A96681E531FAD00B85B39 /* LaunchScreen.storyboard in Resources */ = {isa = PBXBuildFile; fileRef = 891A96661E531FAD00B85B39 /* LaunchScreen.storyboard */; };
/* End PBXBuildFile section */

/* Begin PBXFileReference section */
		891A965A1E531FAD00B85B39 /* SomeSwiftApp.app */ = {isa = PBXFileReference; explicitFileType = wrapper.application; includeInIndex = 0; path = SomeSwiftApp.app; sourceTree = BUILT_PRODUCTS_DIR; };
		891A965D1E531FAD00B85B39 /* AppDelegate.swift */ = {isa = PBXFileReference; lastKnownFileType = sourcecode.swift; path = AppDelegate.swift; sourceTree = "<group>"; };
		891A965F1E531FAD00B85B39 /* ViewController.swift */ = {isa = PBXFileReference; lastKnownFileType = sourcecode.swift; path = ViewController.swift; sourceTree = "<group>"; };
		891A96621E531FAD00B85B39 /* Base */ = {isa = PBXFileReference; lastKnownFileType = file.storyboard; name = Base; path = Base.lproj/Main.storyboard; sourceTree = "<group>"; };
		891A96641E531FAD00B85B39 /* Assets.xcassets */ = {isa = PBXFileReference; lastKnownFileType = folder.assetcatalog; path = Assets.xcassets; sourceTree = "<group>"; };
		891A96671E531FAD00B85B39 /* Base */ = {isa = PBXFileReference; lastKnownFileType = file.storyboard; name = Base; path = Base.lproj/LaunchScreen.storyboard; sourceTree = "<group>"; };
		891A96691E531FAD00B85B39 /* Info.plist */ = {isa = PBXFileReference; lastKnownFileType = text.plist.xml; path = Info.plist; sourceTree = "<group>"; };
/* End PBXFileReference section */

/* Begin PBXFrameworksBuildPhase section */
		891A96571E531FAD00B85B39 /* Frameworks */ = {
			isa = PBXFrameworksBuildPhase;
			buildActionMask = 2147483647;
			files = (
			);
			runOnlyForDeploymentPostprocessing = 0;
		};
/* End PBXFrameworksBuildPhase section */

/* Begin PBXGroup section */
		891A96511E531FAD00B85B39 = {
			isa = PBXGroup;
			children = (
				891A965C1E531FAD00B85B39 /* SomeSwiftApp */,
				891A965B1E531FAD00B85B39 /* Products */,
			);
			sourceTree = "<group>";
		};
		891A965B1E531FAD00B85B39 /* Products */ = {
			isa = PBXGroup;
			children = (
				891A965A1E531FAD00B85B39 /* SomeSwiftApp.app */,
			);
			name = Products;
			sourceTree = "<group>";
		};
		891A965C1E531FAD00B85B39 /* SomeSwiftApp */ = {
			isa = PBXGroup;
			children = (
				891A965D1E531FAD00B85B39 /* AppDelegate.swift */,
				891A965F1E531FAD00B85B39 /* ViewController.swift */,
				891A96611E531FAD00B85B39 /* Main.storyboard */,
				891A96641E531FAD00B85B39 /* Assets.xcassets */,
				891A96661E531FAD00B85B39 /* LaunchScreen.storyboard */,
				891A96691E531FAD00B85B39 /* Info.plist */,
			);
			path = SomeSwiftApp;
			sourceTree = "<group>";
		};
/* End PBXGroup section */

/* Begin PBXNativeTarget section */
		891A96591E531FAD00B85B39 /* SomeSwiftApp */ = {
			isa = PBXNativeTarget;
			buildConfigurationList = 891A966C1E531FAD00B85B39 /* Build configuration list for PBXNativeTarget "SomeSwiftApp" */;
			buildPhases = (
				891A96561E531FAD00B85B39 /* Sources */,
				891A96571E531FAD00B85B39 /* Frameworks */,
				891A96581E531FAD00B85B39 /* Resources */,
			);
			buildRules = (
			);
			dependencies = (
			);
			name = SomeSwiftApp;
			productName = SomeSwiftApp;
			productReference = 891A965A1E531FAD00B85B39 /* SomeSwiftApp.app */;
			productType = "com.apple.product-type.application";
		};
/* End PBXNativeTarget section */

/* Begin PBXProject section */
		891A96521E531FAD00B85B39 /* Project object */ = {
			isa = PBXProject;
			attributes = {
				LastSwiftUpdateCheck = 0820;
				LastUpgradeCheck = 0820;
				ORGANIZATIONNAME = home;
				TargetAttributes = {
					891A96591E531FAD00B85B39 = {
						CreatedOnToolsVersion = 8.2.1;
						ProvisioningStyle = Automatic;
					};
				};
			};
			buildConfigurationList = 891A96551E531FAD00B85B39 /* Build configuration list for PBXProject "SomeSwiftApp" */;
			compatibilityVersion = "Xcode 3.2";
			developmentRegion = English;
			hasScannedForEncodings = 0;
			knownRegions = (
				en,
				Base,
			);
			mainGroup = 891A96511E531FAD00B85B39;
			productRefGroup = 891A965B1E531FAD00B85B39 /* Products */;
			projectDirPath = "";
			projectRoot = "";
			targets = (
				891A96591E531FAD00B85B39 /* SomeSwiftApp */,
			);
		};
/* End PBXProject section */

/* Begin PBXResourcesBuildPhase section */
		891A96581E531FAD00B85B39 /* Resources */ = {
			isa = PBXResourcesBuildPhase;
			buildActionMask = 2147483647;
			files = (
				891A96681E531FAD00B85B39 /* LaunchScreen.storyboard in Resources */,
				891A96651E531FAD00B85B39 /* Assets.xcassets in Resources */,
				891A96631E531FAD00B85B39 /* Main.storyboard in Resources */,
			);
			runOnlyForDeploymentPostprocessing = 0;
		};
/* End PBXResourcesBuildPhase section */

/* Begin PBXSourcesBuildPhase section */
		891A96561E531FAD00B85B39 /* Sources */ = {
			isa = PBXSourcesBuildPhase;
			buildActionMask = 2147483647;
			files = (
				891A96601E531FAD00B85B39 /* ViewController.swift in Sources */,
				891A965E1E531FAD00B85B39 /* AppDelegate.swift in Sources */,
			);
			runOnlyForDeploymentPostprocessing = 0;
		};
/* End PBXSourcesBuildPhase section */

/* Begin PBXVariantGroup section */
		891A96611E531FAD00B85B39 /* Main.storyboard */ = {
			isa = PBXVariantGroup;
			children = (
				891A96621E531FAD00B85B39 /* Base */,
			);
			name = Main.storyboard;
			sourceTree = "<group>";
		};
		891A96661E531FAD00B85B39 /* LaunchScreen.storyboard */ = {
			isa = PBXVariantGroup;
			children = (
				891A96671E531FAD00B85B39 /* Base */,
			);
			name = LaunchScreen.storyboard;
			sourceTree = "<group>";
		};
/* End PBXVariantGroup section */

/* Begin XCBuildConfiguration section */
		891A966A1E531FAD00B85B39 /* Debug */ = {
			isa = XCBuildConfiguration;
			buildSettings = {
				ALWAYS_SEARCH_USER_PATHS = NO;
				CLANG_ANALYZER_NONNULL = YES;
				CLANG_CXX_LANGUAGE_STANDARD = "gnu++0x";
				CLANG_CXX_LIBRARY = "libc++";
				CLANG_ENABLE_MODULES = YES;
				CLANG_ENABLE_OBJC_ARC = YES;
				CLANG_WARN_BOOL_CONVERSION = YES;
				CLANG_WARN_CONSTANT_CONVERSION = YES;
				CLANG_WARN_DIRECT_OBJC_ISA_USAGE = YES_ERROR;
				CLANG_WARN_DOCUMENTATION_COMMENTS = YES;
				CLANG_WARN_EMPTY_BODY = YES;
				CLANG_WARN_ENUM_CONVERSION = YES;
				CLANG_WARN_INFINITE_RECURSION = YES;
				CLANG_WARN_INT_CONVERSION = YES;
				CLANG_WARN_OBJC_ROOT_CLASS = YES_ERROR;
				CLANG_WARN_SUSPICIOUS_MOVE = YES;
				CLANG_WARN_UNREACHABLE_CODE = YES;
				CLANG_WARN__DUPLICATE_METHOD_MATCH = YES;
				"CODE_SIGN_IDENTITY[sdk=iphoneos*]" = "iPhone Developer";
				COPY_PHASE_STRIP = NO;
				DEBUG_INFORMATION_FORMAT = dwarf;
				ENABLE_STRICT_OBJC_MSGSEND = YES;
				ENABLE_TESTABILITY = YES;
				GCC_C_LANGUAGE_STANDARD = gnu99;
				GCC_DYNAMIC_NO_PIC = NO;
				GCC_NO_COMMON_BLOCKS = YES;
				GCC_OPTIMIZATION_LEVEL = 0;
				GCC_PREPROCESSOR_DEFINITIONS = (
					"DEBUG=1",
					"$(inherited)",
				);
				GCC_WARN_64_TO_32_BIT_CONVERSION = YES;
				GCC_WARN_ABOUT_RETURN_TYPE = YES_ERROR;
				GCC_WARN_UNDECLARED_SELECTOR = YES;
				GCC_WARN_UNINITIALIZED_AUTOS = YES_AGGRESSIVE;
				GCC_WARN_UNUSED_FUNCTION = YES;
				GCC_WARN_UNUSED_VARIABLE = YES;
				IPHONEOS_DEPLOYMENT_TARGET = 10.2;
				MTL_ENABLE_DEBUG_INFO = YES;
				ONLY_ACTIVE_ARCH = YES;
				SDKROOT = iphoneos;
				SWIFT_ACTIVE_COMPILATION_CONDITIONS = DEBUG;
				SWIFT_OPTIMIZATION_LEVEL = "-Onone";
			};
			name = Debug;
		};
		891A966B1E531FAD00B85B39 /* Release */ = {
			isa = XCBuildConfiguration;
			buildSettings = {
				ALWAYS_SEARCH_USER_PATHS = NO;
				CLANG_ANALYZER_NONNULL = YES;
				CLANG_CXX_LANGUAGE_STANDARD = "gnu++0x";
				CLANG_CXX_LIBRARY = "libc++";
				CLANG_ENABLE_MODULES = YES;
				CLANG_ENABLE_OBJC_ARC = YES;
				CLANG_WARN_BOOL_CONVERSION = YES;
				CLANG_WARN_CONSTANT_CONVERSION = YES;
				CLANG_WARN_DIRECT_OBJC_ISA_USAGE = YES_ERROR;
				CLANG_WARN_DOCUMENTATION_COMMENTS = YES;
				CLANG_WARN_EMPTY_BODY = YES;
				CLANG_WARN_ENUM_CONVERSION = YES;
				CLANG_WARN_INFINITE_RECURSION = YES;
				CLANG_WARN_INT_CONVERSION = YES;
				CLANG_WARN_OBJC_ROOT_CLASS = YES_ERROR;
				CLANG_WARN_SUSPICIOUS_MOVE = YES;
				CLANG_WARN_UNREACHABLE_CODE = YES;
				CLANG_WARN__DUPLICATE_METHOD_MATCH = YES;
				"CODE_SIGN_IDENTITY[sdk=iphoneos*]" = "iPhone Developer";
				COPY_PHASE_STRIP = NO;
				DEBUG_INFORMATION_FORMAT = "dwarf-with-dsym";
				ENABLE_NS_ASSERTIONS = NO;
				ENABLE_STRICT_OBJC_MSGSEND = YES;
				GCC_C_LANGUAGE_STANDARD = gnu99;
				GCC_NO_COMMON_BLOCKS = YES;
				GCC_WARN_64_TO_32_BIT_CONVERSION = YES;
				GCC_WARN_ABOUT_RETURN_TYPE = YES_ERROR;
				GCC_WARN_UNDECLARED_SELECTOR = YES;
				GCC_WARN_UNINITIALIZED_AUTOS = YES_AGGRESSIVE;
				GCC_WARN_UNUSED_FUNCTION = YES;
				GCC_WARN_UNUSED_VARIABLE = YES;
				IPHONEOS_DEPLOYMENT_TARGET = 10.2;
				MTL_ENABLE_DEBUG_INFO = NO;
				SDKROOT = iphoneos;
				SWIFT_OPTIMIZATION_LEVEL = "-Owholemodule";
				VALIDATE_PRODUCT = YES;
			};
			name = Release;
		};
		891A966D1E531FAD00B85B39 /* Debug */ = {
			isa = XCBuildConfiguration;
			buildSettings = {
				ASSETCATALOG_COMPILER_APPICON_NAME = AppIcon;
				INFOPLIST_FILE = SomeSwiftApp/Info.plist;
				LD_RUNPATH_SEARCH_PATHS = "$(inherited) @executable_path/Frameworks";
				PRODUCT_BUNDLE_IDENTIFIER = home.SomeSwiftApp;
				PRODUCT_NAME = "$(TARGET_NAME)";
				SWIFT_VERSION = 3.0;
			};
			name = Debug;
		};
		891A966E1E531FAD00B85B39 /* Release */ = {
			isa = XCBuildConfiguration;
			buildSettings = {
				ASSETCATALOG_COMPILER_APPICON_NAME = AppIcon;
				INFOPLIST_FILE = SomeSwiftApp/Info.plist;
				LD_RUNPATH_SEARCH_PATHS = "$(inherited) @executable_path/Frameworks";
				PRODUCT_BUNDLE_IDENTIFIER = home.SomeSwiftApp;
				PRODUCT_NAME = "$(TARGET_NAME)";
				SWIFT_VERSION = 3.0;
			};
			name = Release;
		};
/* End XCBuildConfiguration section */

/* Begin XCConfigurationList section */
		891A96551E531FAD00B85B39 /* Build configuration list for PBXProject "SomeSwiftApp" */ = {
			isa = XCConfigurationList;
			buildConfigurations = (
				891A966A1E531FAD00B85B39 /* Debug */,
				891A966B1E531FAD00B85B39 /* Release */,
			);
			defaultConfigurationIsVisible = 0;
			defaultConfigurationName = Release;
		};
		891A966C1E531FAD00B85B39 /* Build configuration list for PBXNativeTarget "SomeSwiftApp" */ = {
			isa = XCConfigurationList;
			buildConfigurations = (
				891A966D1E531FAD00B85B39 /* Debug */,
				891A966E1E531FAD00B85B39 /* Release */,
			);
			defaultConfigurationIsVisible = 0;
		};
/* End XCConfigurationList section */
	};
	rootObject = 891A96521E531FAD00B85B39 /* Project object */;
}
